// !$*UTF8*$!
{
	archiveVersion = 1;
	classes = {
	};
	objectVersion = 46;
	objects = {

/* Begin PBXBuildFile section */
		1406A6531CC9FC12004E928A /* ChucklesViewController.m in Sources */ = {isa = PBXBuildFile; fileRef = 1406A6511CC9FC12004E928A /* ChucklesViewController.m */; };
		1406A6541CC9FC12004E928A /* ChucklesViewController.xib in Resources */ = {isa = PBXBuildFile; fileRef = 1406A6521CC9FC12004E928A /* ChucklesViewController.xib */; };
		1406A6581CC9FD5A004E928A /* BlackListViewController.m in Sources */ = {isa = PBXBuildFile; fileRef = 1406A6561CC9FD5A004E928A /* BlackListViewController.m */; };
		1406A6591CC9FD5A004E928A /* BlackListViewController.xib in Resources */ = {isa = PBXBuildFile; fileRef = 1406A6571CC9FD5A004E928A /* BlackListViewController.xib */; };
		1406A65D1CCA1FD7004E928A /* MessageChatViewController.m in Sources */ = {isa = PBXBuildFile; fileRef = 1406A65B1CCA1FD7004E928A /* MessageChatViewController.m */; };
		1406A65E1CCA1FD7004E928A /* MessageChatViewController.xib in Resources */ = {isa = PBXBuildFile; fileRef = 1406A65C1CCA1FD7004E928A /* MessageChatViewController.xib */; };
		1406A6761CCA2200004E928A /* ReceiverTextNodeBkg.png in Resources */ = {isa = PBXBuildFile; fileRef = 1406A6651CCA2200004E928A /* ReceiverTextNodeBkg.png */; };
		1406A6771CCA2200004E928A /* ReceiverTextNodeBkg@2x.png in Resources */ = {isa = PBXBuildFile; fileRef = 1406A6661CCA2200004E928A /* ReceiverTextNodeBkg@2x.png */; };
		1406A6781CCA2200004E928A /* ReceiverVoiceNodeDownloading.png in Resources */ = {isa = PBXBuildFile; fileRef = 1406A6671CCA2200004E928A /* ReceiverVoiceNodeDownloading.png */; };
		1406A6791CCA2200004E928A /* ReceiverVoiceNodeDownloading@2x.png in Resources */ = {isa = PBXBuildFile; fileRef = 1406A6681CCA2200004E928A /* ReceiverVoiceNodeDownloading@2x.png */; };
		1406A67C1CCA2200004E928A /* SenderAppNodeBkg_HL.png in Resources */ = {isa = PBXBuildFile; fileRef = 1406A66B1CCA2200004E928A /* SenderAppNodeBkg_HL.png */; };
		1406A67D1CCA2200004E928A /* SenderAppNodeBkg_HL@2x.png in Resources */ = {isa = PBXBuildFile; fileRef = 1406A66C1CCA2200004E928A /* SenderAppNodeBkg_HL@2x.png */; };
		1406A67E1CCA2200004E928A /* SenderVoiceNodeDownloading.png in Resources */ = {isa = PBXBuildFile; fileRef = 1406A66D1CCA2200004E928A /* SenderVoiceNodeDownloading.png */; };
		1406A67F1CCA2200004E928A /* SenderVoiceNodeDownloading@2x.png in Resources */ = {isa = PBXBuildFile; fileRef = 1406A66E1CCA2200004E928A /* SenderVoiceNodeDownloading@2x.png */; };
		1406A6851CCA2C39004E928A /* MessageChatCell.m in Sources */ = {isa = PBXBuildFile; fileRef = 1406A6831CCA2C39004E928A /* MessageChatCell.m */; };
		140F8A581CC5CCBA00118DE2 /* KeyboardView.m in Sources */ = {isa = PBXBuildFile; fileRef = 140F8A571CC5CCBA00118DE2 /* KeyboardView.m */; };
		140F8A5A1CC5CCCA00118DE2 /* KeyboardView.xib in Resources */ = {isa = PBXBuildFile; fileRef = 140F8A591CC5CCCA00118DE2 /* KeyboardView.xib */; };
		140F8A5E1CC5E2A400118DE2 /* WriteNewsViewcontroller.m in Sources */ = {isa = PBXBuildFile; fileRef = 140F8A5C1CC5E2A400118DE2 /* WriteNewsViewcontroller.m */; };
		140F8A5F1CC5E2A400118DE2 /* WriteNewsViewcontroller.xib in Resources */ = {isa = PBXBuildFile; fileRef = 140F8A5D1CC5E2A400118DE2 /* WriteNewsViewcontroller.xib */; };
		142A56B81CCDFAFB00B30B68 /* BaseModel.m in Sources */ = {isa = PBXBuildFile; fileRef = 142A56B71CCDFAFB00B30B68 /* BaseModel.m */; };
		1430180F1CC470E300004DE6 /* ChineseString.m in Sources */ = {isa = PBXBuildFile; fileRef = 143017FA1CC470E300004DE6 /* ChineseString.m */; };
		143018101CC470E300004DE6 /* pinyin.c in Sources */ = {isa = PBXBuildFile; fileRef = 143017FB1CC470E300004DE6 /* pinyin.c */; };
		143018111CC470E300004DE6 /* ChineseInclude.m in Sources */ = {isa = PBXBuildFile; fileRef = 143017FF1CC470E300004DE6 /* ChineseInclude.m */; };
		143018121CC470E300004DE6 /* ChineseToPinyinResource.m in Sources */ = {isa = PBXBuildFile; fileRef = 143018011CC470E300004DE6 /* ChineseToPinyinResource.m */; };
		143018131CC470E300004DE6 /* HanyuPinyinOutputFormat.m in Sources */ = {isa = PBXBuildFile; fileRef = 143018031CC470E300004DE6 /* HanyuPinyinOutputFormat.m */; };
		143018141CC470E300004DE6 /* NSString+PinYin4Cocoa.m in Sources */ = {isa = PBXBuildFile; fileRef = 143018051CC470E300004DE6 /* NSString+PinYin4Cocoa.m */; };
		143018151CC470E300004DE6 /* PinyinFormatter.m in Sources */ = {isa = PBXBuildFile; fileRef = 143018071CC470E300004DE6 /* PinyinFormatter.m */; };
		143018161CC470E300004DE6 /* PinYinForObjc.m in Sources */ = {isa = PBXBuildFile; fileRef = 143018091CC470E300004DE6 /* PinYinForObjc.m */; };
		143018171CC470E300004DE6 /* PinyinHelper.m in Sources */ = {isa = PBXBuildFile; fileRef = 1430180B1CC470E300004DE6 /* PinyinHelper.m */; };
		143018181CC470E300004DE6 /* unicode_to_hanyu_pinyin.txt in Resources */ = {isa = PBXBuildFile; fileRef = 1430180C1CC470E300004DE6 /* unicode_to_hanyu_pinyin.txt */; };
		143018191CC470E300004DE6 /* ZYPinYinSearch.m in Sources */ = {isa = PBXBuildFile; fileRef = 1430180E1CC470E300004DE6 /* ZYPinYinSearch.m */; };
		1430181D1CC4783F00004DE6 /* ContactsCell.m in Sources */ = {isa = PBXBuildFile; fileRef = 1430181B1CC4783F00004DE6 /* ContactsCell.m */; };
		1430181E1CC4783F00004DE6 /* ContactsCell.xib in Resources */ = {isa = PBXBuildFile; fileRef = 1430181C1CC4783F00004DE6 /* ContactsCell.xib */; };
		143018221CC483C200004DE6 /* AddPeopleViewController.m in Sources */ = {isa = PBXBuildFile; fileRef = 143018201CC483C200004DE6 /* AddPeopleViewController.m */; };
		143018231CC483C200004DE6 /* AddPeopleViewController.xib in Resources */ = {isa = PBXBuildFile; fileRef = 143018211CC483C200004DE6 /* AddPeopleViewController.xib */; };
		143018251CC49A5000004DE6 /* AddressBook.framework in Frameworks */ = {isa = PBXBuildFile; fileRef = 143018241CC49A5000004DE6 /* AddressBook.framework */; };
		143018271CC49A5D00004DE6 /* AddressBookUI.framework in Frameworks */ = {isa = PBXBuildFile; fileRef = 143018261CC49A5D00004DE6 /* AddressBookUI.framework */; };
		1430182E1CC4B6A600004DE6 /* ImportPerViewController.m in Sources */ = {isa = PBXBuildFile; fileRef = 1430182C1CC4B6A600004DE6 /* ImportPerViewController.m */; };
		1430182F1CC4B6A600004DE6 /* ImportPerViewController.xib in Resources */ = {isa = PBXBuildFile; fileRef = 1430182D1CC4B6A600004DE6 /* ImportPerViewController.xib */; };
		143D07B51CBF99AE0091DFF1 /* main.m in Sources */ = {isa = PBXBuildFile; fileRef = 143D07B41CBF99AE0091DFF1 /* main.m */; };
		143D07B81CBF99AE0091DFF1 /* AppDelegate.m in Sources */ = {isa = PBXBuildFile; fileRef = 143D07B71CBF99AE0091DFF1 /* AppDelegate.m */; };
		143D07C01CBF99AE0091DFF1 /* Assets.xcassets in Resources */ = {isa = PBXBuildFile; fileRef = 143D07BF1CBF99AE0091DFF1 /* Assets.xcassets */; };
		143D07C31CBF99AE0091DFF1 /* LaunchScreen.storyboard in Resources */ = {isa = PBXBuildFile; fileRef = 143D07C11CBF99AE0091DFF1 /* LaunchScreen.storyboard */; };
		143D07CE1CBF99AF0091DFF1 /* DualMobileTests.m in Sources */ = {isa = PBXBuildFile; fileRef = 143D07CD1CBF99AF0091DFF1 /* DualMobileTests.m */; };
		143D07D91CBF99AF0091DFF1 /* DualMobileUITests.m in Sources */ = {isa = PBXBuildFile; fileRef = 143D07D81CBF99AF0091DFF1 /* DualMobileUITests.m */; };
		143D080A1CBF9F580091DFF1 /* LoginViewController.m in Sources */ = {isa = PBXBuildFile; fileRef = 143D08021CBF9F580091DFF1 /* LoginViewController.m */; };
		143D080B1CBF9F580091DFF1 /* LoginViewController.xib in Resources */ = {isa = PBXBuildFile; fileRef = 143D08031CBF9F580091DFF1 /* LoginViewController.xib */; };
		1481AE681CCDF168007FE014 /* MessageModel.m in Sources */ = {isa = PBXBuildFile; fileRef = 1481AE671CCDF168007FE014 /* MessageModel.m */; };
		1481AE851CCDF528007FE014 /* MASCompositeConstraint.m in Sources */ = {isa = PBXBuildFile; fileRef = 1481AE6C1CCDF528007FE014 /* MASCompositeConstraint.m */; };
		1481AE861CCDF528007FE014 /* MASConstraint.m in Sources */ = {isa = PBXBuildFile; fileRef = 1481AE6F1CCDF528007FE014 /* MASConstraint.m */; };
		1481AE871CCDF528007FE014 /* MASConstraintMaker.m in Sources */ = {isa = PBXBuildFile; fileRef = 1481AE711CCDF528007FE014 /* MASConstraintMaker.m */; };
		1481AE881CCDF528007FE014 /* MASLayoutConstraint.m in Sources */ = {isa = PBXBuildFile; fileRef = 1481AE731CCDF528007FE014 /* MASLayoutConstraint.m */; };
		1481AE891CCDF528007FE014 /* MASViewAttribute.m in Sources */ = {isa = PBXBuildFile; fileRef = 1481AE771CCDF528007FE014 /* MASViewAttribute.m */; };
		1481AE8A1CCDF528007FE014 /* MASViewConstraint.m in Sources */ = {isa = PBXBuildFile; fileRef = 1481AE791CCDF528007FE014 /* MASViewConstraint.m */; };
		1481AE8B1CCDF528007FE014 /* NSArray+MASAdditions.m in Sources */ = {isa = PBXBuildFile; fileRef = 1481AE7B1CCDF528007FE014 /* NSArray+MASAdditions.m */; };
		1481AE8C1CCDF528007FE014 /* NSLayoutConstraint+MASDebugAdditions.m in Sources */ = {isa = PBXBuildFile; fileRef = 1481AE7E1CCDF528007FE014 /* NSLayoutConstraint+MASDebugAdditions.m */; };
		1481AE8D1CCDF528007FE014 /* View+MASAdditions.m in Sources */ = {isa = PBXBuildFile; fileRef = 1481AE801CCDF528007FE014 /* View+MASAdditions.m */; };
		1481AE8E1CCDF528007FE014 /* ViewController+MASAdditions.m in Sources */ = {isa = PBXBuildFile; fileRef = 1481AE831CCDF528007FE014 /* ViewController+MASAdditions.m */; };
		14CD5A051CC719B700F83180 /* DetailsViewController.m in Sources */ = {isa = PBXBuildFile; fileRef = 14CD5A031CC719B700F83180 /* DetailsViewController.m */; };
		14CD5A061CC719B700F83180 /* DetailsViewController.xib in Resources */ = {isa = PBXBuildFile; fileRef = 14CD5A041CC719B700F83180 /* DetailsViewController.xib */; };
		14CD5A091CC71AC400F83180 /* AddressBookModel.m in Sources */ = {isa = PBXBuildFile; fileRef = 14CD5A081CC71AC400F83180 /* AddressBookModel.m */; };
		14D822A21CC8BCC4008F7533 /* DeviceScanViewController.m in Sources */ = {isa = PBXBuildFile; fileRef = 14D822A01CC8BCC4008F7533 /* DeviceScanViewController.m */; };
		14D822A31CC8BCC4008F7533 /* DeviceScanViewController.xib in Resources */ = {isa = PBXBuildFile; fileRef = 14D822A11CC8BCC4008F7533 /* DeviceScanViewController.xib */; };
		14D822A71CC8BCEE008F7533 /* TransferViewController.m in Sources */ = {isa = PBXBuildFile; fileRef = 14D822A51CC8BCEE008F7533 /* TransferViewController.m */; };
		14D822A81CC8BCEE008F7533 /* TransferViewController.xib in Resources */ = {isa = PBXBuildFile; fileRef = 14D822A61CC8BCEE008F7533 /* TransferViewController.xib */; };
		14D822AC1CC8BD0E008F7533 /* VoiceViewController.m in Sources */ = {isa = PBXBuildFile; fileRef = 14D822AA1CC8BD0E008F7533 /* VoiceViewController.m */; };
		14D822AD1CC8BD0E008F7533 /* VoiceViewController.xib in Resources */ = {isa = PBXBuildFile; fileRef = 14D822AB1CC8BD0E008F7533 /* VoiceViewController.xib */; };
		14D822B11CC8BD36008F7533 /* LanguageViewController.m in Sources */ = {isa = PBXBuildFile; fileRef = 14D822AF1CC8BD36008F7533 /* LanguageViewController.m */; };
		14D822B21CC8BD36008F7533 /* LanguageViewController.xib in Resources */ = {isa = PBXBuildFile; fileRef = 14D822B01CC8BD36008F7533 /* LanguageViewController.xib */; };
		14D822B61CC8BD59008F7533 /* SecurityViewController.m in Sources */ = {isa = PBXBuildFile; fileRef = 14D822B41CC8BD59008F7533 /* SecurityViewController.m */; };
		14D822B71CC8BD59008F7533 /* SecurityViewController.xib in Resources */ = {isa = PBXBuildFile; fileRef = 14D822B51CC8BD59008F7533 /* SecurityViewController.xib */; };
		14D822BB1CC8BD76008F7533 /* GuideViewController.m in Sources */ = {isa = PBXBuildFile; fileRef = 14D822B91CC8BD76008F7533 /* GuideViewController.m */; };
		14D822BC1CC8BD76008F7533 /* GuideViewController.xib in Resources */ = {isa = PBXBuildFile; fileRef = 14D822BA1CC8BD76008F7533 /* GuideViewController.xib */; };
		14D822C01CC8BD9D008F7533 /* MoreSetViewController.m in Sources */ = {isa = PBXBuildFile; fileRef = 14D822BE1CC8BD9D008F7533 /* MoreSetViewController.m */; };
		14D822C11CC8BD9D008F7533 /* MoreSetViewController.xib in Resources */ = {isa = PBXBuildFile; fileRef = 14D822BF1CC8BD9D008F7533 /* MoreSetViewController.xib */; };
		14D822C51CC8C2E3008F7533 /* UserDetailsViewController.m in Sources */ = {isa = PBXBuildFile; fileRef = 14D822C31CC8C2E3008F7533 /* UserDetailsViewController.m */; };
		14D822C61CC8C2E3008F7533 /* UserDetailsViewController.xib in Resources */ = {isa = PBXBuildFile; fileRef = 14D822C41CC8C2E3008F7533 /* UserDetailsViewController.xib */; };
		14EC4D951CC61CFA005C80AC /* UIView+Extension.m in Sources */ = {isa = PBXBuildFile; fileRef = 14EC4D941CC61CFA005C80AC /* UIView+Extension.m */; };
		14FF892C1CC0798C00F65100 /* BaseViewController.m in Sources */ = {isa = PBXBuildFile; fileRef = 14FF892B1CC0798C00F65100 /* BaseViewController.m */; };
		14FF892F1CC07A3A00F65100 /* TabBarController.m in Sources */ = {isa = PBXBuildFile; fileRef = 14FF892E1CC07A3A00F65100 /* TabBarController.m */; };
		14FF89331CC07D0D00F65100 /* RegisterViewContrller.m in Sources */ = {isa = PBXBuildFile; fileRef = 14FF89311CC07D0D00F65100 /* RegisterViewContrller.m */; };
		14FF89341CC07D0D00F65100 /* RegisterViewContrller.xib in Resources */ = {isa = PBXBuildFile; fileRef = 14FF89321CC07D0D00F65100 /* RegisterViewContrller.xib */; };
		14FF893A1CC09AC700F65100 /* ImportViewController.m in Sources */ = {isa = PBXBuildFile; fileRef = 14FF89381CC09AC700F65100 /* ImportViewController.m */; };
		14FF893B1CC09AC700F65100 /* ImportViewController.xib in Resources */ = {isa = PBXBuildFile; fileRef = 14FF89391CC09AC700F65100 /* ImportViewController.xib */; };
		14FF893F1CC0BEF500F65100 /* MessageViewController.m in Sources */ = {isa = PBXBuildFile; fileRef = 14FF893D1CC0BEF500F65100 /* MessageViewController.m */; };
		14FF89401CC0BEF500F65100 /* MessageViewController.xib in Resources */ = {isa = PBXBuildFile; fileRef = 14FF893E1CC0BEF500F65100 /* MessageViewController.xib */; };
		14FF89441CC0BF1F00F65100 /* ContactsViewController.m in Sources */ = {isa = PBXBuildFile; fileRef = 14FF89421CC0BF1F00F65100 /* ContactsViewController.m */; };
		14FF89451CC0BF1F00F65100 /* ContactsViewController.xib in Resources */ = {isa = PBXBuildFile; fileRef = 14FF89431CC0BF1F00F65100 /* ContactsViewController.xib */; };
		14FF89491CC0BF5F00F65100 /* PhoneViewController.m in Sources */ = {isa = PBXBuildFile; fileRef = 14FF89471CC0BF5F00F65100 /* PhoneViewController.m */; };
		14FF894A1CC0BF5F00F65100 /* PhoneViewController.xib in Resources */ = {isa = PBXBuildFile; fileRef = 14FF89481CC0BF5F00F65100 /* PhoneViewController.xib */; };
		14FF894E1CC0BF8100F65100 /* MainViewController.m in Sources */ = {isa = PBXBuildFile; fileRef = 14FF894C1CC0BF8100F65100 /* MainViewController.m */; };
		14FF894F1CC0BF8100F65100 /* MainViewController.xib in Resources */ = {isa = PBXBuildFile; fileRef = 14FF894D1CC0BF8100F65100 /* MainViewController.xib */; };
		14FF89541CC0DFB300F65100 /* MessageCell.m in Sources */ = {isa = PBXBuildFile; fileRef = 14FF89521CC0DFB300F65100 /* MessageCell.m */; };
		14FF89551CC0DFB300F65100 /* MessageCell.xib in Resources */ = {isa = PBXBuildFile; fileRef = 14FF89531CC0DFB300F65100 /* MessageCell.xib */; };
/* End PBXBuildFile section */

/* Begin PBXContainerItemProxy section */
		143D07CA1CBF99AF0091DFF1 /* PBXContainerItemProxy */ = {
			isa = PBXContainerItemProxy;
			containerPortal = 143D07A81CBF99AE0091DFF1 /* Project object */;
			proxyType = 1;
			remoteGlobalIDString = 143D07AF1CBF99AE0091DFF1;
			remoteInfo = DualMobile;
		};
		143D07D51CBF99AF0091DFF1 /* PBXContainerItemProxy */ = {
			isa = PBXContainerItemProxy;
			containerPortal = 143D07A81CBF99AE0091DFF1 /* Project object */;
			proxyType = 1;
			remoteGlobalIDString = 143D07AF1CBF99AE0091DFF1;
			remoteInfo = DualMobile;
		};
/* End PBXContainerItemProxy section */

/* Begin PBXFileReference section */
		1406A6501CC9FC12004E928A /* ChucklesViewController.h */ = {isa = PBXFileReference; fileEncoding = 4; lastKnownFileType = sourcecode.c.h; path = ChucklesViewController.h; sourceTree = "<group>"; };
		1406A6511CC9FC12004E928A /* ChucklesViewController.m */ = {isa = PBXFileReference; fileEncoding = 4; lastKnownFileType = sourcecode.c.objc; path = ChucklesViewController.m; sourceTree = "<group>"; };
		1406A6521CC9FC12004E928A /* ChucklesViewController.xib */ = {isa = PBXFileReference; fileEncoding = 4; lastKnownFileType = file.xib; path = ChucklesViewController.xib; sourceTree = "<group>"; };
		1406A6551CC9FD5A004E928A /* BlackListViewController.h */ = {isa = PBXFileReference; fileEncoding = 4; lastKnownFileType = sourcecode.c.h; path = BlackListViewController.h; sourceTree = "<group>"; };
		1406A6561CC9FD5A004E928A /* BlackListViewController.m */ = {isa = PBXFileReference; fileEncoding = 4; lastKnownFileType = sourcecode.c.objc; path = BlackListViewController.m; sourceTree = "<group>"; };
		1406A6571CC9FD5A004E928A /* BlackListViewController.xib */ = {isa = PBXFileReference; fileEncoding = 4; lastKnownFileType = file.xib; path = BlackListViewController.xib; sourceTree = "<group>"; };
		1406A65A1CCA1FD7004E928A /* MessageChatViewController.h */ = {isa = PBXFileReference; fileEncoding = 4; lastKnownFileType = sourcecode.c.h; path = MessageChatViewController.h; sourceTree = "<group>"; };
		1406A65B1CCA1FD7004E928A /* MessageChatViewController.m */ = {isa = PBXFileReference; fileEncoding = 4; lastKnownFileType = sourcecode.c.objc; path = MessageChatViewController.m; sourceTree = "<group>"; };
		1406A65C1CCA1FD7004E928A /* MessageChatViewController.xib */ = {isa = PBXFileReference; fileEncoding = 4; lastKnownFileType = file.xib; path = MessageChatViewController.xib; sourceTree = "<group>"; };
		1406A6651CCA2200004E928A /* ReceiverTextNodeBkg.png */ = {isa = PBXFileReference; lastKnownFileType = image.png; path = ReceiverTextNodeBkg.png; sourceTree = "<group>"; };
		1406A6661CCA2200004E928A /* ReceiverTextNodeBkg@2x.png */ = {isa = PBXFileReference; lastKnownFileType = image.png; path = "ReceiverTextNodeBkg@2x.png"; sourceTree = "<group>"; };
		1406A6671CCA2200004E928A /* ReceiverVoiceNodeDownloading.png */ = {isa = PBXFileReference; lastKnownFileType = image.png; path = ReceiverVoiceNodeDownloading.png; sourceTree = "<group>"; };
		1406A6681CCA2200004E928A /* ReceiverVoiceNodeDownloading@2x.png */ = {isa = PBXFileReference; lastKnownFileType = image.png; path = "ReceiverVoiceNodeDownloading@2x.png"; sourceTree = "<group>"; };
		1406A66B1CCA2200004E928A /* SenderAppNodeBkg_HL.png */ = {isa = PBXFileReference; lastKnownFileType = image.png; path = SenderAppNodeBkg_HL.png; sourceTree = "<group>"; };
		1406A66C1CCA2200004E928A /* SenderAppNodeBkg_HL@2x.png */ = {isa = PBXFileReference; lastKnownFileType = image.png; path = "SenderAppNodeBkg_HL@2x.png"; sourceTree = "<group>"; };
		1406A66D1CCA2200004E928A /* SenderVoiceNodeDownloading.png */ = {isa = PBXFileReference; lastKnownFileType = image.png; path = SenderVoiceNodeDownloading.png; sourceTree = "<group>"; };
		1406A66E1CCA2200004E928A /* SenderVoiceNodeDownloading@2x.png */ = {isa = PBXFileReference; lastKnownFileType = image.png; path = "SenderVoiceNodeDownloading@2x.png"; sourceTree = "<group>"; };
		1406A6821CCA2C39004E928A /* MessageChatCell.h */ = {isa = PBXFileReference; fileEncoding = 4; lastKnownFileType = sourcecode.c.h; path = MessageChatCell.h; sourceTree = "<group>"; };
		1406A6831CCA2C39004E928A /* MessageChatCell.m */ = {isa = PBXFileReference; fileEncoding = 4; lastKnownFileType = sourcecode.c.objc; path = MessageChatCell.m; sourceTree = "<group>"; };
		140F8A561CC5CCBA00118DE2 /* KeyboardView.h */ = {isa = PBXFileReference; fileEncoding = 4; lastKnownFileType = sourcecode.c.h; path = KeyboardView.h; sourceTree = "<group>"; };
		140F8A571CC5CCBA00118DE2 /* KeyboardView.m */ = {isa = PBXFileReference; fileEncoding = 4; lastKnownFileType = sourcecode.c.objc; path = KeyboardView.m; sourceTree = "<group>"; };
		140F8A591CC5CCCA00118DE2 /* KeyboardView.xib */ = {isa = PBXFileReference; fileEncoding = 4; lastKnownFileType = file.xib; path = KeyboardView.xib; sourceTree = "<group>"; };
		140F8A5B1CC5E2A400118DE2 /* WriteNewsViewcontroller.h */ = {isa = PBXFileReference; fileEncoding = 4; lastKnownFileType = sourcecode.c.h; path = WriteNewsViewcontroller.h; sourceTree = "<group>"; };
		140F8A5C1CC5E2A400118DE2 /* WriteNewsViewcontroller.m */ = {isa = PBXFileReference; fileEncoding = 4; lastKnownFileType = sourcecode.c.objc; path = WriteNewsViewcontroller.m; sourceTree = "<group>"; };
		140F8A5D1CC5E2A400118DE2 /* WriteNewsViewcontroller.xib */ = {isa = PBXFileReference; fileEncoding = 4; lastKnownFileType = file.xib; path = WriteNewsViewcontroller.xib; sourceTree = "<group>"; };
		142A56B61CCDFAFB00B30B68 /* BaseModel.h */ = {isa = PBXFileReference; fileEncoding = 4; lastKnownFileType = sourcecode.c.h; path = BaseModel.h; sourceTree = "<group>"; };
		142A56B71CCDFAFB00B30B68 /* BaseModel.m */ = {isa = PBXFileReference; fileEncoding = 4; lastKnownFileType = sourcecode.c.objc; path = BaseModel.m; sourceTree = "<group>"; };
		143017F91CC470E300004DE6 /* ChineseString.h */ = {isa = PBXFileReference; fileEncoding = 4; lastKnownFileType = sourcecode.c.h; path = ChineseString.h; sourceTree = "<group>"; };
		143017FA1CC470E300004DE6 /* ChineseString.m */ = {isa = PBXFileReference; fileEncoding = 4; lastKnownFileType = sourcecode.c.objc; path = ChineseString.m; sourceTree = "<group>"; };
		143017FB1CC470E300004DE6 /* pinyin.c */ = {isa = PBXFileReference; fileEncoding = 4; lastKnownFileType = sourcecode.c.c; path = pinyin.c; sourceTree = "<group>"; };
		143017FC1CC470E300004DE6 /* pinyin.h */ = {isa = PBXFileReference; fileEncoding = 4; lastKnownFileType = sourcecode.c.h; path = pinyin.h; sourceTree = "<group>"; };
		143017FE1CC470E300004DE6 /* ChineseInclude.h */ = {isa = PBXFileReference; fileEncoding = 4; lastKnownFileType = sourcecode.c.h; path = ChineseInclude.h; sourceTree = "<group>"; };
		143017FF1CC470E300004DE6 /* ChineseInclude.m */ = {isa = PBXFileReference; fileEncoding = 4; lastKnownFileType = sourcecode.c.objc; path = ChineseInclude.m; sourceTree = "<group>"; };
		143018001CC470E300004DE6 /* ChineseToPinyinResource.h */ = {isa = PBXFileReference; fileEncoding = 4; lastKnownFileType = sourcecode.c.h; path = ChineseToPinyinResource.h; sourceTree = "<group>"; };
		143018011CC470E300004DE6 /* ChineseToPinyinResource.m */ = {isa = PBXFileReference; fileEncoding = 4; lastKnownFileType = sourcecode.c.objc; path = ChineseToPinyinResource.m; sourceTree = "<group>"; };
		143018021CC470E300004DE6 /* HanyuPinyinOutputFormat.h */ = {isa = PBXFileReference; fileEncoding = 4; lastKnownFileType = sourcecode.c.h; path = HanyuPinyinOutputFormat.h; sourceTree = "<group>"; };
		143018031CC470E300004DE6 /* HanyuPinyinOutputFormat.m */ = {isa = PBXFileReference; fileEncoding = 4; lastKnownFileType = sourcecode.c.objc; path = HanyuPinyinOutputFormat.m; sourceTree = "<group>"; };
		143018041CC470E300004DE6 /* NSString+PinYin4Cocoa.h */ = {isa = PBXFileReference; fileEncoding = 4; lastKnownFileType = sourcecode.c.h; path = "NSString+PinYin4Cocoa.h"; sourceTree = "<group>"; };
		143018051CC470E300004DE6 /* NSString+PinYin4Cocoa.m */ = {isa = PBXFileReference; fileEncoding = 4; lastKnownFileType = sourcecode.c.objc; path = "NSString+PinYin4Cocoa.m"; sourceTree = "<group>"; };
		143018061CC470E300004DE6 /* PinyinFormatter.h */ = {isa = PBXFileReference; fileEncoding = 4; lastKnownFileType = sourcecode.c.h; path = PinyinFormatter.h; sourceTree = "<group>"; };
		143018071CC470E300004DE6 /* PinyinFormatter.m */ = {isa = PBXFileReference; fileEncoding = 4; lastKnownFileType = sourcecode.c.objc; path = PinyinFormatter.m; sourceTree = "<group>"; };
		143018081CC470E300004DE6 /* PinYinForObjc.h */ = {isa = PBXFileReference; fileEncoding = 4; lastKnownFileType = sourcecode.c.h; path = PinYinForObjc.h; sourceTree = "<group>"; };
		143018091CC470E300004DE6 /* PinYinForObjc.m */ = {isa = PBXFileReference; fileEncoding = 4; lastKnownFileType = sourcecode.c.objc; path = PinYinForObjc.m; sourceTree = "<group>"; };
		1430180A1CC470E300004DE6 /* PinyinHelper.h */ = {isa = PBXFileReference; fileEncoding = 4; lastKnownFileType = sourcecode.c.h; path = PinyinHelper.h; sourceTree = "<group>"; };
		1430180B1CC470E300004DE6 /* PinyinHelper.m */ = {isa = PBXFileReference; fileEncoding = 4; lastKnownFileType = sourcecode.c.objc; path = PinyinHelper.m; sourceTree = "<group>"; };
		1430180C1CC470E300004DE6 /* unicode_to_hanyu_pinyin.txt */ = {isa = PBXFileReference; fileEncoding = 4; lastKnownFileType = text; path = unicode_to_hanyu_pinyin.txt; sourceTree = "<group>"; };
		1430180D1CC470E300004DE6 /* ZYPinYinSearch.h */ = {isa = PBXFileReference; fileEncoding = 4; lastKnownFileType = sourcecode.c.h; path = ZYPinYinSearch.h; sourceTree = "<group>"; };
		1430180E1CC470E300004DE6 /* ZYPinYinSearch.m */ = {isa = PBXFileReference; fileEncoding = 4; lastKnownFileType = sourcecode.c.objc; path = ZYPinYinSearch.m; sourceTree = "<group>"; };
		1430181A1CC4783F00004DE6 /* ContactsCell.h */ = {isa = PBXFileReference; fileEncoding = 4; lastKnownFileType = sourcecode.c.h; path = ContactsCell.h; sourceTree = "<group>"; };
		1430181B1CC4783F00004DE6 /* ContactsCell.m */ = {isa = PBXFileReference; fileEncoding = 4; lastKnownFileType = sourcecode.c.objc; path = ContactsCell.m; sourceTree = "<group>"; };
		1430181C1CC4783F00004DE6 /* ContactsCell.xib */ = {isa = PBXFileReference; fileEncoding = 4; lastKnownFileType = file.xib; path = ContactsCell.xib; sourceTree = "<group>"; };
		1430181F1CC483C200004DE6 /* AddPeopleViewController.h */ = {isa = PBXFileReference; fileEncoding = 4; lastKnownFileType = sourcecode.c.h; path = AddPeopleViewController.h; sourceTree = "<group>"; };
		143018201CC483C200004DE6 /* AddPeopleViewController.m */ = {isa = PBXFileReference; fileEncoding = 4; lastKnownFileType = sourcecode.c.objc; path = AddPeopleViewController.m; sourceTree = "<group>"; };
		143018211CC483C200004DE6 /* AddPeopleViewController.xib */ = {isa = PBXFileReference; fileEncoding = 4; lastKnownFileType = file.xib; path = AddPeopleViewController.xib; sourceTree = "<group>"; };
		143018241CC49A5000004DE6 /* AddressBook.framework */ = {isa = PBXFileReference; lastKnownFileType = wrapper.framework; name = AddressBook.framework; path = System/Library/Frameworks/AddressBook.framework; sourceTree = SDKROOT; };
		143018261CC49A5D00004DE6 /* AddressBookUI.framework */ = {isa = PBXFileReference; lastKnownFileType = wrapper.framework; name = AddressBookUI.framework; path = System/Library/Frameworks/AddressBookUI.framework; sourceTree = SDKROOT; };
		1430182B1CC4B6A600004DE6 /* ImportPerViewController.h */ = {isa = PBXFileReference; fileEncoding = 4; lastKnownFileType = sourcecode.c.h; path = ImportPerViewController.h; sourceTree = "<group>"; };
		1430182C1CC4B6A600004DE6 /* ImportPerViewController.m */ = {isa = PBXFileReference; fileEncoding = 4; lastKnownFileType = sourcecode.c.objc; path = ImportPerViewController.m; sourceTree = "<group>"; };
		1430182D1CC4B6A600004DE6 /* ImportPerViewController.xib */ = {isa = PBXFileReference; fileEncoding = 4; lastKnownFileType = file.xib; path = ImportPerViewController.xib; sourceTree = "<group>"; };
		143D07B01CBF99AE0091DFF1 /* DualMobile.app */ = {isa = PBXFileReference; explicitFileType = wrapper.application; includeInIndex = 0; path = DualMobile.app; sourceTree = BUILT_PRODUCTS_DIR; };
		143D07B41CBF99AE0091DFF1 /* main.m */ = {isa = PBXFileReference; lastKnownFileType = sourcecode.c.objc; path = main.m; sourceTree = "<group>"; };
		143D07B61CBF99AE0091DFF1 /* AppDelegate.h */ = {isa = PBXFileReference; lastKnownFileType = sourcecode.c.h; path = AppDelegate.h; sourceTree = "<group>"; };
		143D07B71CBF99AE0091DFF1 /* AppDelegate.m */ = {isa = PBXFileReference; lastKnownFileType = sourcecode.c.objc; path = AppDelegate.m; sourceTree = "<group>"; };
		143D07BF1CBF99AE0091DFF1 /* Assets.xcassets */ = {isa = PBXFileReference; lastKnownFileType = folder.assetcatalog; path = Assets.xcassets; sourceTree = "<group>"; };
		143D07C21CBF99AE0091DFF1 /* Base */ = {isa = PBXFileReference; lastKnownFileType = file.storyboard; name = Base; path = Base.lproj/LaunchScreen.storyboard; sourceTree = "<group>"; };
		143D07C41CBF99AF0091DFF1 /* Info.plist */ = {isa = PBXFileReference; lastKnownFileType = text.plist.xml; path = Info.plist; sourceTree = "<group>"; };
		143D07C91CBF99AF0091DFF1 /* DualMobileTests.xctest */ = {isa = PBXFileReference; explicitFileType = wrapper.cfbundle; includeInIndex = 0; path = DualMobileTests.xctest; sourceTree = BUILT_PRODUCTS_DIR; };
		143D07CD1CBF99AF0091DFF1 /* DualMobileTests.m */ = {isa = PBXFileReference; lastKnownFileType = sourcecode.c.objc; path = DualMobileTests.m; sourceTree = "<group>"; };
		143D07CF1CBF99AF0091DFF1 /* Info.plist */ = {isa = PBXFileReference; lastKnownFileType = text.plist.xml; path = Info.plist; sourceTree = "<group>"; };
		143D07D41CBF99AF0091DFF1 /* DualMobileUITests.xctest */ = {isa = PBXFileReference; explicitFileType = wrapper.cfbundle; includeInIndex = 0; path = DualMobileUITests.xctest; sourceTree = BUILT_PRODUCTS_DIR; };
		143D07D81CBF99AF0091DFF1 /* DualMobileUITests.m */ = {isa = PBXFileReference; lastKnownFileType = sourcecode.c.objc; path = DualMobileUITests.m; sourceTree = "<group>"; };
		143D07DA1CBF99AF0091DFF1 /* Info.plist */ = {isa = PBXFileReference; lastKnownFileType = text.plist.xml; path = Info.plist; sourceTree = "<group>"; };
		143D08011CBF9F580091DFF1 /* LoginViewController.h */ = {isa = PBXFileReference; fileEncoding = 4; lastKnownFileType = sourcecode.c.h; path = LoginViewController.h; sourceTree = "<group>"; };
		143D08021CBF9F580091DFF1 /* LoginViewController.m */ = {isa = PBXFileReference; fileEncoding = 4; lastKnownFileType = sourcecode.c.objc; path = LoginViewController.m; sourceTree = "<group>"; };
		143D08031CBF9F580091DFF1 /* LoginViewController.xib */ = {isa = PBXFileReference; fileEncoding = 4; lastKnownFileType = file.xib; path = LoginViewController.xib; sourceTree = "<group>"; };
		1481AE661CCDF168007FE014 /* MessageModel.h */ = {isa = PBXFileReference; fileEncoding = 4; lastKnownFileType = sourcecode.c.h; path = MessageModel.h; sourceTree = "<group>"; };
		1481AE671CCDF168007FE014 /* MessageModel.m */ = {isa = PBXFileReference; fileEncoding = 4; lastKnownFileType = sourcecode.c.objc; path = MessageModel.m; sourceTree = "<group>"; };
		1481AE6B1CCDF528007FE014 /* MASCompositeConstraint.h */ = {isa = PBXFileReference; fileEncoding = 4; lastKnownFileType = sourcecode.c.h; path = MASCompositeConstraint.h; sourceTree = "<group>"; };
		1481AE6C1CCDF528007FE014 /* MASCompositeConstraint.m */ = {isa = PBXFileReference; fileEncoding = 4; lastKnownFileType = sourcecode.c.objc; path = MASCompositeConstraint.m; sourceTree = "<group>"; };
		1481AE6D1CCDF528007FE014 /* MASConstraint+Private.h */ = {isa = PBXFileReference; fileEncoding = 4; lastKnownFileType = sourcecode.c.h; path = "MASConstraint+Private.h"; sourceTree = "<group>"; };
		1481AE6E1CCDF528007FE014 /* MASConstraint.h */ = {isa = PBXFileReference; fileEncoding = 4; lastKnownFileType = sourcecode.c.h; path = MASConstraint.h; sourceTree = "<group>"; };
		1481AE6F1CCDF528007FE014 /* MASConstraint.m */ = {isa = PBXFileReference; fileEncoding = 4; lastKnownFileType = sourcecode.c.objc; path = MASConstraint.m; sourceTree = "<group>"; };
		1481AE701CCDF528007FE014 /* MASConstraintMaker.h */ = {isa = PBXFileReference; fileEncoding = 4; lastKnownFileType = sourcecode.c.h; path = MASConstraintMaker.h; sourceTree = "<group>"; };
		1481AE711CCDF528007FE014 /* MASConstraintMaker.m */ = {isa = PBXFileReference; fileEncoding = 4; lastKnownFileType = sourcecode.c.objc; path = MASConstraintMaker.m; sourceTree = "<group>"; };
		1481AE721CCDF528007FE014 /* MASLayoutConstraint.h */ = {isa = PBXFileReference; fileEncoding = 4; lastKnownFileType = sourcecode.c.h; path = MASLayoutConstraint.h; sourceTree = "<group>"; };
		1481AE731CCDF528007FE014 /* MASLayoutConstraint.m */ = {isa = PBXFileReference; fileEncoding = 4; lastKnownFileType = sourcecode.c.objc; path = MASLayoutConstraint.m; sourceTree = "<group>"; };
		1481AE741CCDF528007FE014 /* Masonry.h */ = {isa = PBXFileReference; fileEncoding = 4; lastKnownFileType = sourcecode.c.h; path = Masonry.h; sourceTree = "<group>"; };
		1481AE751CCDF528007FE014 /* MASUtilities.h */ = {isa = PBXFileReference; fileEncoding = 4; lastKnownFileType = sourcecode.c.h; path = MASUtilities.h; sourceTree = "<group>"; };
		1481AE761CCDF528007FE014 /* MASViewAttribute.h */ = {isa = PBXFileReference; fileEncoding = 4; lastKnownFileType = sourcecode.c.h; path = MASViewAttribute.h; sourceTree = "<group>"; };
		1481AE771CCDF528007FE014 /* MASViewAttribute.m */ = {isa = PBXFileReference; fileEncoding = 4; lastKnownFileType = sourcecode.c.objc; path = MASViewAttribute.m; sourceTree = "<group>"; };
		1481AE781CCDF528007FE014 /* MASViewConstraint.h */ = {isa = PBXFileReference; fileEncoding = 4; lastKnownFileType = sourcecode.c.h; path = MASViewConstraint.h; sourceTree = "<group>"; };
		1481AE791CCDF528007FE014 /* MASViewConstraint.m */ = {isa = PBXFileReference; fileEncoding = 4; lastKnownFileType = sourcecode.c.objc; path = MASViewConstraint.m; sourceTree = "<group>"; };
		1481AE7A1CCDF528007FE014 /* NSArray+MASAdditions.h */ = {isa = PBXFileReference; fileEncoding = 4; lastKnownFileType = sourcecode.c.h; path = "NSArray+MASAdditions.h"; sourceTree = "<group>"; };
		1481AE7B1CCDF528007FE014 /* NSArray+MASAdditions.m */ = {isa = PBXFileReference; fileEncoding = 4; lastKnownFileType = sourcecode.c.objc; path = "NSArray+MASAdditions.m"; sourceTree = "<group>"; };
		1481AE7C1CCDF528007FE014 /* NSArray+MASShorthandAdditions.h */ = {isa = PBXFileReference; fileEncoding = 4; lastKnownFileType = sourcecode.c.h; path = "NSArray+MASShorthandAdditions.h"; sourceTree = "<group>"; };
		1481AE7D1CCDF528007FE014 /* NSLayoutConstraint+MASDebugAdditions.h */ = {isa = PBXFileReference; fileEncoding = 4; lastKnownFileType = sourcecode.c.h; path = "NSLayoutConstraint+MASDebugAdditions.h"; sourceTree = "<group>"; };
		1481AE7E1CCDF528007FE014 /* NSLayoutConstraint+MASDebugAdditions.m */ = {isa = PBXFileReference; fileEncoding = 4; lastKnownFileType = sourcecode.c.objc; path = "NSLayoutConstraint+MASDebugAdditions.m"; sourceTree = "<group>"; };
		1481AE7F1CCDF528007FE014 /* View+MASAdditions.h */ = {isa = PBXFileReference; fileEncoding = 4; lastKnownFileType = sourcecode.c.h; path = "View+MASAdditions.h"; sourceTree = "<group>"; };
		1481AE801CCDF528007FE014 /* View+MASAdditions.m */ = {isa = PBXFileReference; fileEncoding = 4; lastKnownFileType = sourcecode.c.objc; path = "View+MASAdditions.m"; sourceTree = "<group>"; };
		1481AE811CCDF528007FE014 /* View+MASShorthandAdditions.h */ = {isa = PBXFileReference; fileEncoding = 4; lastKnownFileType = sourcecode.c.h; path = "View+MASShorthandAdditions.h"; sourceTree = "<group>"; };
		1481AE821CCDF528007FE014 /* ViewController+MASAdditions.h */ = {isa = PBXFileReference; fileEncoding = 4; lastKnownFileType = sourcecode.c.h; path = "ViewController+MASAdditions.h"; sourceTree = "<group>"; };
		1481AE831CCDF528007FE014 /* ViewController+MASAdditions.m */ = {isa = PBXFileReference; fileEncoding = 4; lastKnownFileType = sourcecode.c.objc; path = "ViewController+MASAdditions.m"; sourceTree = "<group>"; };
		14CD5A021CC719B700F83180 /* DetailsViewController.h */ = {isa = PBXFileReference; fileEncoding = 4; lastKnownFileType = sourcecode.c.h; path = DetailsViewController.h; sourceTree = "<group>"; };
		14CD5A031CC719B700F83180 /* DetailsViewController.m */ = {isa = PBXFileReference; fileEncoding = 4; lastKnownFileType = sourcecode.c.objc; path = DetailsViewController.m; sourceTree = "<group>"; };
		14CD5A041CC719B700F83180 /* DetailsViewController.xib */ = {isa = PBXFileReference; fileEncoding = 4; lastKnownFileType = file.xib; path = DetailsViewController.xib; sourceTree = "<group>"; };
		14CD5A071CC71AC400F83180 /* AddressBookModel.h */ = {isa = PBXFileReference; fileEncoding = 4; lastKnownFileType = sourcecode.c.h; path = AddressBookModel.h; sourceTree = "<group>"; };
		14CD5A081CC71AC400F83180 /* AddressBookModel.m */ = {isa = PBXFileReference; fileEncoding = 4; lastKnownFileType = sourcecode.c.objc; path = AddressBookModel.m; sourceTree = "<group>"; };
		14D8229F1CC8BCC4008F7533 /* DeviceScanViewController.h */ = {isa = PBXFileReference; fileEncoding = 4; lastKnownFileType = sourcecode.c.h; path = DeviceScanViewController.h; sourceTree = "<group>"; };
		14D822A01CC8BCC4008F7533 /* DeviceScanViewController.m */ = {isa = PBXFileReference; fileEncoding = 4; lastKnownFileType = sourcecode.c.objc; path = DeviceScanViewController.m; sourceTree = "<group>"; };
		14D822A11CC8BCC4008F7533 /* DeviceScanViewController.xib */ = {isa = PBXFileReference; fileEncoding = 4; lastKnownFileType = file.xib; path = DeviceScanViewController.xib; sourceTree = "<group>"; };
		14D822A41CC8BCEE008F7533 /* TransferViewController.h */ = {isa = PBXFileReference; fileEncoding = 4; lastKnownFileType = sourcecode.c.h; path = TransferViewController.h; sourceTree = "<group>"; };
		14D822A51CC8BCEE008F7533 /* TransferViewController.m */ = {isa = PBXFileReference; fileEncoding = 4; lastKnownFileType = sourcecode.c.objc; path = TransferViewController.m; sourceTree = "<group>"; };
		14D822A61CC8BCEE008F7533 /* TransferViewController.xib */ = {isa = PBXFileReference; fileEncoding = 4; lastKnownFileType = file.xib; path = TransferViewController.xib; sourceTree = "<group>"; };
		14D822A91CC8BD0E008F7533 /* VoiceViewController.h */ = {isa = PBXFileReference; fileEncoding = 4; lastKnownFileType = sourcecode.c.h; path = VoiceViewController.h; sourceTree = "<group>"; };
		14D822AA1CC8BD0E008F7533 /* VoiceViewController.m */ = {isa = PBXFileReference; fileEncoding = 4; lastKnownFileType = sourcecode.c.objc; path = VoiceViewController.m; sourceTree = "<group>"; };
		14D822AB1CC8BD0E008F7533 /* VoiceViewController.xib */ = {isa = PBXFileReference; fileEncoding = 4; lastKnownFileType = file.xib; path = VoiceViewController.xib; sourceTree = "<group>"; };
		14D822AE1CC8BD36008F7533 /* LanguageViewController.h */ = {isa = PBXFileReference; fileEncoding = 4; lastKnownFileType = sourcecode.c.h; path = LanguageViewController.h; sourceTree = "<group>"; };
		14D822AF1CC8BD36008F7533 /* LanguageViewController.m */ = {isa = PBXFileReference; fileEncoding = 4; lastKnownFileType = sourcecode.c.objc; path = LanguageViewController.m; sourceTree = "<group>"; };
		14D822B01CC8BD36008F7533 /* LanguageViewController.xib */ = {isa = PBXFileReference; fileEncoding = 4; lastKnownFileType = file.xib; path = LanguageViewController.xib; sourceTree = "<group>"; };
		14D822B31CC8BD59008F7533 /* SecurityViewController.h */ = {isa = PBXFileReference; fileEncoding = 4; lastKnownFileType = sourcecode.c.h; path = SecurityViewController.h; sourceTree = "<group>"; };
		14D822B41CC8BD59008F7533 /* SecurityViewController.m */ = {isa = PBXFileReference; fileEncoding = 4; lastKnownFileType = sourcecode.c.objc; path = SecurityViewController.m; sourceTree = "<group>"; };
		14D822B51CC8BD59008F7533 /* SecurityViewController.xib */ = {isa = PBXFileReference; fileEncoding = 4; lastKnownFileType = file.xib; path = SecurityViewController.xib; sourceTree = "<group>"; };
		14D822B81CC8BD76008F7533 /* GuideViewController.h */ = {isa = PBXFileReference; fileEncoding = 4; lastKnownFileType = sourcecode.c.h; path = GuideViewController.h; sourceTree = "<group>"; };
		14D822B91CC8BD76008F7533 /* GuideViewController.m */ = {isa = PBXFileReference; fileEncoding = 4; lastKnownFileType = sourcecode.c.objc; path = GuideViewController.m; sourceTree = "<group>"; };
		14D822BA1CC8BD76008F7533 /* GuideViewController.xib */ = {isa = PBXFileReference; fileEncoding = 4; lastKnownFileType = file.xib; path = GuideViewController.xib; sourceTree = "<group>"; };
		14D822BD1CC8BD9D008F7533 /* MoreSetViewController.h */ = {isa = PBXFileReference; fileEncoding = 4; lastKnownFileType = sourcecode.c.h; path = MoreSetViewController.h; sourceTree = "<group>"; };
		14D822BE1CC8BD9D008F7533 /* MoreSetViewController.m */ = {isa = PBXFileReference; fileEncoding = 4; lastKnownFileType = sourcecode.c.objc; path = MoreSetViewController.m; sourceTree = "<group>"; };
		14D822BF1CC8BD9D008F7533 /* MoreSetViewController.xib */ = {isa = PBXFileReference; fileEncoding = 4; lastKnownFileType = file.xib; path = MoreSetViewController.xib; sourceTree = "<group>"; };
		14D822C21CC8C2E3008F7533 /* UserDetailsViewController.h */ = {isa = PBXFileReference; fileEncoding = 4; lastKnownFileType = sourcecode.c.h; path = UserDetailsViewController.h; sourceTree = "<group>"; };
		14D822C31CC8C2E3008F7533 /* UserDetailsViewController.m */ = {isa = PBXFileReference; fileEncoding = 4; lastKnownFileType = sourcecode.c.objc; path = UserDetailsViewController.m; sourceTree = "<group>"; };
		14D822C41CC8C2E3008F7533 /* UserDetailsViewController.xib */ = {isa = PBXFileReference; fileEncoding = 4; lastKnownFileType = file.xib; path = UserDetailsViewController.xib; sourceTree = "<group>"; };
		14EC4D931CC61CFA005C80AC /* UIView+Extension.h */ = {isa = PBXFileReference; fileEncoding = 4; lastKnownFileType = sourcecode.c.h; path = "UIView+Extension.h"; sourceTree = "<group>"; };
		14EC4D941CC61CFA005C80AC /* UIView+Extension.m */ = {isa = PBXFileReference; fileEncoding = 4; lastKnownFileType = sourcecode.c.objc; path = "UIView+Extension.m"; sourceTree = "<group>"; };
		14FF89291CC0774400F65100 /* DualMobilePCH.pch */ = {isa = PBXFileReference; lastKnownFileType = sourcecode.c.h; path = DualMobilePCH.pch; sourceTree = "<group>"; };
		14FF892A1CC0798C00F65100 /* BaseViewController.h */ = {isa = PBXFileReference; fileEncoding = 4; lastKnownFileType = sourcecode.c.h; path = BaseViewController.h; sourceTree = "<group>"; };
		14FF892B1CC0798C00F65100 /* BaseViewController.m */ = {isa = PBXFileReference; fileEncoding = 4; lastKnownFileType = sourcecode.c.objc; path = BaseViewController.m; sourceTree = "<group>"; };
		14FF892D1CC07A3A00F65100 /* TabBarController.h */ = {isa = PBXFileReference; fileEncoding = 4; lastKnownFileType = sourcecode.c.h; path = TabBarController.h; sourceTree = "<group>"; };
		14FF892E1CC07A3A00F65100 /* TabBarController.m */ = {isa = PBXFileReference; fileEncoding = 4; lastKnownFileType = sourcecode.c.objc; path = TabBarController.m; sourceTree = "<group>"; };
		14FF89301CC07D0D00F65100 /* RegisterViewContrller.h */ = {isa = PBXFileReference; fileEncoding = 4; lastKnownFileType = sourcecode.c.h; path = RegisterViewContrller.h; sourceTree = "<group>"; };
		14FF89311CC07D0D00F65100 /* RegisterViewContrller.m */ = {isa = PBXFileReference; fileEncoding = 4; lastKnownFileType = sourcecode.c.objc; path = RegisterViewContrller.m; sourceTree = "<group>"; };
		14FF89321CC07D0D00F65100 /* RegisterViewContrller.xib */ = {isa = PBXFileReference; fileEncoding = 4; lastKnownFileType = file.xib; path = RegisterViewContrller.xib; sourceTree = "<group>"; };
		14FF89371CC09AC700F65100 /* ImportViewController.h */ = {isa = PBXFileReference; fileEncoding = 4; lastKnownFileType = sourcecode.c.h; path = ImportViewController.h; sourceTree = "<group>"; };
		14FF89381CC09AC700F65100 /* ImportViewController.m */ = {isa = PBXFileReference; fileEncoding = 4; lastKnownFileType = sourcecode.c.objc; path = ImportViewController.m; sourceTree = "<group>"; };
		14FF89391CC09AC700F65100 /* ImportViewController.xib */ = {isa = PBXFileReference; fileEncoding = 4; lastKnownFileType = file.xib; path = ImportViewController.xib; sourceTree = "<group>"; };
		14FF893C1CC0BEF500F65100 /* MessageViewController.h */ = {isa = PBXFileReference; fileEncoding = 4; lastKnownFileType = sourcecode.c.h; path = MessageViewController.h; sourceTree = "<group>"; };
		14FF893D1CC0BEF500F65100 /* MessageViewController.m */ = {isa = PBXFileReference; fileEncoding = 4; lastKnownFileType = sourcecode.c.objc; path = MessageViewController.m; sourceTree = "<group>"; };
		14FF893E1CC0BEF500F65100 /* MessageViewController.xib */ = {isa = PBXFileReference; fileEncoding = 4; lastKnownFileType = file.xib; path = MessageViewController.xib; sourceTree = "<group>"; };
		14FF89411CC0BF1F00F65100 /* ContactsViewController.h */ = {isa = PBXFileReference; fileEncoding = 4; lastKnownFileType = sourcecode.c.h; path = ContactsViewController.h; sourceTree = "<group>"; };
		14FF89421CC0BF1F00F65100 /* ContactsViewController.m */ = {isa = PBXFileReference; fileEncoding = 4; lastKnownFileType = sourcecode.c.objc; path = ContactsViewController.m; sourceTree = "<group>"; };
		14FF89431CC0BF1F00F65100 /* ContactsViewController.xib */ = {isa = PBXFileReference; fileEncoding = 4; lastKnownFileType = file.xib; path = ContactsViewController.xib; sourceTree = "<group>"; };
		14FF89461CC0BF5F00F65100 /* PhoneViewController.h */ = {isa = PBXFileReference; fileEncoding = 4; lastKnownFileType = sourcecode.c.h; path = PhoneViewController.h; sourceTree = "<group>"; };
		14FF89471CC0BF5F00F65100 /* PhoneViewController.m */ = {isa = PBXFileReference; fileEncoding = 4; lastKnownFileType = sourcecode.c.objc; path = PhoneViewController.m; sourceTree = "<group>"; };
		14FF89481CC0BF5F00F65100 /* PhoneViewController.xib */ = {isa = PBXFileReference; fileEncoding = 4; lastKnownFileType = file.xib; path = PhoneViewController.xib; sourceTree = "<group>"; };
		14FF894B1CC0BF8100F65100 /* MainViewController.h */ = {isa = PBXFileReference; fileEncoding = 4; lastKnownFileType = sourcecode.c.h; path = MainViewController.h; sourceTree = "<group>"; };
		14FF894C1CC0BF8100F65100 /* MainViewController.m */ = {isa = PBXFileReference; fileEncoding = 4; lastKnownFileType = sourcecode.c.objc; path = MainViewController.m; sourceTree = "<group>"; };
		14FF894D1CC0BF8100F65100 /* MainViewController.xib */ = {isa = PBXFileReference; fileEncoding = 4; lastKnownFileType = file.xib; path = MainViewController.xib; sourceTree = "<group>"; };
		14FF89511CC0DFB300F65100 /* MessageCell.h */ = {isa = PBXFileReference; fileEncoding = 4; lastKnownFileType = sourcecode.c.h; path = MessageCell.h; sourceTree = "<group>"; };
		14FF89521CC0DFB300F65100 /* MessageCell.m */ = {isa = PBXFileReference; fileEncoding = 4; lastKnownFileType = sourcecode.c.objc; path = MessageCell.m; sourceTree = "<group>"; };
		14FF89531CC0DFB300F65100 /* MessageCell.xib */ = {isa = PBXFileReference; fileEncoding = 4; lastKnownFileType = file.xib; path = MessageCell.xib; sourceTree = "<group>"; };
/* End PBXFileReference section */

/* Begin PBXFrameworksBuildPhase section */
		143D07AD1CBF99AE0091DFF1 /* Frameworks */ = {
			isa = PBXFrameworksBuildPhase;
			buildActionMask = 2147483647;
			files = (
				143018271CC49A5D00004DE6 /* AddressBookUI.framework in Frameworks */,
				143018251CC49A5000004DE6 /* AddressBook.framework in Frameworks */,
			);
			runOnlyForDeploymentPostprocessing = 0;
		};
		143D07C61CBF99AF0091DFF1 /* Frameworks */ = {
			isa = PBXFrameworksBuildPhase;
			buildActionMask = 2147483647;
			files = (
			);
			runOnlyForDeploymentPostprocessing = 0;
		};
		143D07D11CBF99AF0091DFF1 /* Frameworks */ = {
			isa = PBXFrameworksBuildPhase;
			buildActionMask = 2147483647;
			files = (
			);
			runOnlyForDeploymentPostprocessing = 0;
		};
/* End PBXFrameworksBuildPhase section */

/* Begin PBXGroup section */
		1406A65F1CCA2200004E928A /* image */ = {
			isa = PBXGroup;
			children = (
				1406A6651CCA2200004E928A /* ReceiverTextNodeBkg.png */,
				1406A6661CCA2200004E928A /* ReceiverTextNodeBkg@2x.png */,
				1406A6671CCA2200004E928A /* ReceiverVoiceNodeDownloading.png */,
				1406A6681CCA2200004E928A /* ReceiverVoiceNodeDownloading@2x.png */,
				1406A66B1CCA2200004E928A /* SenderAppNodeBkg_HL.png */,
				1406A66C1CCA2200004E928A /* SenderAppNodeBkg_HL@2x.png */,
				1406A66D1CCA2200004E928A /* SenderVoiceNodeDownloading.png */,
				1406A66E1CCA2200004E928A /* SenderVoiceNodeDownloading@2x.png */,
			);
			path = image;
			sourceTree = "<group>";
		};
		140F8A601CC5E4A500118DE2 /* 工具类 */ = {
			isa = PBXGroup;
			children = (
				142A56B61CCDFAFB00B30B68 /* BaseModel.h */,
				142A56B71CCDFAFB00B30B68 /* BaseModel.m */,
				14EC4D931CC61CFA005C80AC /* UIView+Extension.h */,
				14EC4D941CC61CFA005C80AC /* UIView+Extension.m */,
			);
			path = "工具类";
			sourceTree = "<group>";
		};
		143017F81CC470E300004DE6 /* LetterGroups */ = {
			isa = PBXGroup;
			children = (
				143017F91CC470E300004DE6 /* ChineseString.h */,
				143017FA1CC470E300004DE6 /* ChineseString.m */,
				143017FB1CC470E300004DE6 /* pinyin.c */,
				143017FC1CC470E300004DE6 /* pinyin.h */,
			);
			path = LetterGroups;
			sourceTree = "<group>";
		};
		143017FD1CC470E300004DE6 /* ZYPinYinSearchLib */ = {
			isa = PBXGroup;
			children = (
				143017FE1CC470E300004DE6 /* ChineseInclude.h */,
				143017FF1CC470E300004DE6 /* ChineseInclude.m */,
				143018001CC470E300004DE6 /* ChineseToPinyinResource.h */,
				143018011CC470E300004DE6 /* ChineseToPinyinResource.m */,
				143018021CC470E300004DE6 /* HanyuPinyinOutputFormat.h */,
				143018031CC470E300004DE6 /* HanyuPinyinOutputFormat.m */,
				143018041CC470E300004DE6 /* NSString+PinYin4Cocoa.h */,
				143018051CC470E300004DE6 /* NSString+PinYin4Cocoa.m */,
				143018061CC470E300004DE6 /* PinyinFormatter.h */,
				143018071CC470E300004DE6 /* PinyinFormatter.m */,
				143018081CC470E300004DE6 /* PinYinForObjc.h */,
				143018091CC470E300004DE6 /* PinYinForObjc.m */,
				1430180A1CC470E300004DE6 /* PinyinHelper.h */,
				1430180B1CC470E300004DE6 /* PinyinHelper.m */,
				1430180C1CC470E300004DE6 /* unicode_to_hanyu_pinyin.txt */,
				1430180D1CC470E300004DE6 /* ZYPinYinSearch.h */,
				1430180E1CC470E300004DE6 /* ZYPinYinSearch.m */,
			);
			path = ZYPinYinSearchLib;
			sourceTree = "<group>";
		};
		143D07A71CBF99AE0091DFF1 = {
			isa = PBXGroup;
			children = (
				143018261CC49A5D00004DE6 /* AddressBookUI.framework */,
				143018241CC49A5000004DE6 /* AddressBook.framework */,
				143D07B21CBF99AE0091DFF1 /* DualMobile */,
				143D07CC1CBF99AF0091DFF1 /* DualMobileTests */,
				143D07D71CBF99AF0091DFF1 /* DualMobileUITests */,
				143D07B11CBF99AE0091DFF1 /* Products */,
			);
			sourceTree = "<group>";
		};
		143D07B11CBF99AE0091DFF1 /* Products */ = {
			isa = PBXGroup;
			children = (
				143D07B01CBF99AE0091DFF1 /* DualMobile.app */,
				143D07C91CBF99AF0091DFF1 /* DualMobileTests.xctest */,
				143D07D41CBF99AF0091DFF1 /* DualMobileUITests.xctest */,
			);
			name = Products;
			sourceTree = "<group>";
		};
		143D07B21CBF99AE0091DFF1 /* DualMobile */ = {
			isa = PBXGroup;
			children = (
				143D07B61CBF99AE0091DFF1 /* AppDelegate.h */,
				143D07B71CBF99AE0091DFF1 /* AppDelegate.m */,
				14FF89291CC0774400F65100 /* DualMobilePCH.pch */,
				14FF892A1CC0798C00F65100 /* BaseViewController.h */,
				14FF892B1CC0798C00F65100 /* BaseViewController.m */,
				14FF892D1CC07A3A00F65100 /* TabBarController.h */,
				14FF892E1CC07A3A00F65100 /* TabBarController.m */,
				143D07F11CBF9F580091DFF1 /* Classes */,
				143D07B31CBF99AE0091DFF1 /* Supporting Files */,
			);
			path = DualMobile;
			sourceTree = "<group>";
		};
		143D07B31CBF99AE0091DFF1 /* Supporting Files */ = {
			isa = PBXGroup;
			children = (
				143D07C11CBF99AE0091DFF1 /* LaunchScreen.storyboard */,
				143D07BF1CBF99AE0091DFF1 /* Assets.xcassets */,
				143D07C41CBF99AF0091DFF1 /* Info.plist */,
				143D07B41CBF99AE0091DFF1 /* main.m */,
			);
			path = "Supporting Files";
			sourceTree = "<group>";
		};
		143D07CC1CBF99AF0091DFF1 /* DualMobileTests */ = {
			isa = PBXGroup;
			children = (
				143D07CD1CBF99AF0091DFF1 /* DualMobileTests.m */,
				143D07CF1CBF99AF0091DFF1 /* Info.plist */,
			);
			path = DualMobileTests;
			sourceTree = "<group>";
		};
		143D07D71CBF99AF0091DFF1 /* DualMobileUITests */ = {
			isa = PBXGroup;
			children = (
				143D07D81CBF99AF0091DFF1 /* DualMobileUITests.m */,
				143D07DA1CBF99AF0091DFF1 /* Info.plist */,
			);
			path = DualMobileUITests;
			sourceTree = "<group>";
		};
		143D07F11CBF9F580091DFF1 /* Classes */ = {
			isa = PBXGroup;
			children = (
				143D07FF1CBF9F580091DFF1 /* 登录 */,
				143D07FB1CBF9F580091DFF1 /* 消息 */,
				143D08061CBF9F580091DFF1 /* 联系人 */,
				143D07F71CBF9F580091DFF1 /* 拨号 */,
				143D07F31CBF9F580091DFF1 /* 我的 */,
				143D07F21CBF9F580091DFF1 /* Other */,
			);
			path = Classes;
			sourceTree = "<group>";
		};
		143D07F21CBF9F580091DFF1 /* Other */ = {
			isa = PBXGroup;
			children = (
				1481AE691CCDF528007FE014 /* Masonry */,
				140F8A601CC5E4A500118DE2 /* 工具类 */,
				143017F81CC470E300004DE6 /* LetterGroups */,
				143017FD1CC470E300004DE6 /* ZYPinYinSearchLib */,
			);
			path = Other;
			sourceTree = "<group>";
		};
		143D07F31CBF9F580091DFF1 /* 我的 */ = {
			isa = PBXGroup;
			children = (
				143D07F41CBF9F580091DFF1 /* ControllView */,
				143D07F51CBF9F580091DFF1 /* Model */,
				143D07F61CBF9F580091DFF1 /* View */,
			);
			path = "我的";
			sourceTree = "<group>";
		};
		143D07F41CBF9F580091DFF1 /* ControllView */ = {
			isa = PBXGroup;
			children = (
				14FF894B1CC0BF8100F65100 /* MainViewController.h */,
				14FF894C1CC0BF8100F65100 /* MainViewController.m */,
				14FF894D1CC0BF8100F65100 /* MainViewController.xib */,
				14D822C21CC8C2E3008F7533 /* UserDetailsViewController.h */,
				14D822C31CC8C2E3008F7533 /* UserDetailsViewController.m */,
				14D822C41CC8C2E3008F7533 /* UserDetailsViewController.xib */,
				14D8229F1CC8BCC4008F7533 /* DeviceScanViewController.h */,
				14D822A01CC8BCC4008F7533 /* DeviceScanViewController.m */,
				14D822A11CC8BCC4008F7533 /* DeviceScanViewController.xib */,
				14D822A41CC8BCEE008F7533 /* TransferViewController.h */,
				14D822A51CC8BCEE008F7533 /* TransferViewController.m */,
				14D822A61CC8BCEE008F7533 /* TransferViewController.xib */,
				14D822A91CC8BD0E008F7533 /* VoiceViewController.h */,
				14D822AA1CC8BD0E008F7533 /* VoiceViewController.m */,
				14D822AB1CC8BD0E008F7533 /* VoiceViewController.xib */,
				14D822AE1CC8BD36008F7533 /* LanguageViewController.h */,
				14D822AF1CC8BD36008F7533 /* LanguageViewController.m */,
				14D822B01CC8BD36008F7533 /* LanguageViewController.xib */,
				14D822B31CC8BD59008F7533 /* SecurityViewController.h */,
				14D822B41CC8BD59008F7533 /* SecurityViewController.m */,
				14D822B51CC8BD59008F7533 /* SecurityViewController.xib */,
				1406A6501CC9FC12004E928A /* ChucklesViewController.h */,
				1406A6511CC9FC12004E928A /* ChucklesViewController.m */,
				1406A6521CC9FC12004E928A /* ChucklesViewController.xib */,
				1406A6551CC9FD5A004E928A /* BlackListViewController.h */,
				1406A6561CC9FD5A004E928A /* BlackListViewController.m */,
				1406A6571CC9FD5A004E928A /* BlackListViewController.xib */,
				14D822B81CC8BD76008F7533 /* GuideViewController.h */,
				14D822B91CC8BD76008F7533 /* GuideViewController.m */,
				14D822BA1CC8BD76008F7533 /* GuideViewController.xib */,
				14D822BD1CC8BD9D008F7533 /* MoreSetViewController.h */,
				14D822BE1CC8BD9D008F7533 /* MoreSetViewController.m */,
				14D822BF1CC8BD9D008F7533 /* MoreSetViewController.xib */,
			);
			path = ControllView;
			sourceTree = "<group>";
		};
		143D07F51CBF9F580091DFF1 /* Model */ = {
			isa = PBXGroup;
			children = (
			);
			path = Model;
			sourceTree = "<group>";
		};
		143D07F61CBF9F580091DFF1 /* View */ = {
			isa = PBXGroup;
			children = (
			);
			path = View;
			sourceTree = "<group>";
		};
		143D07F71CBF9F580091DFF1 /* 拨号 */ = {
			isa = PBXGroup;
			children = (
				143D07F81CBF9F580091DFF1 /* ControllView */,
				143D07F91CBF9F580091DFF1 /* Model */,
				143D07FA1CBF9F580091DFF1 /* View */,
			);
			path = "拨号";
			sourceTree = "<group>";
		};
		143D07F81CBF9F580091DFF1 /* ControllView */ = {
			isa = PBXGroup;
			children = (
				14FF89461CC0BF5F00F65100 /* PhoneViewController.h */,
				14FF89471CC0BF5F00F65100 /* PhoneViewController.m */,
				14FF89481CC0BF5F00F65100 /* PhoneViewController.xib */,
			);
			path = ControllView;
			sourceTree = "<group>";
		};
		143D07F91CBF9F580091DFF1 /* Model */ = {
			isa = PBXGroup;
			children = (
			);
			path = Model;
			sourceTree = "<group>";
		};
		143D07FA1CBF9F580091DFF1 /* View */ = {
			isa = PBXGroup;
			children = (
				140F8A561CC5CCBA00118DE2 /* KeyboardView.h */,
				140F8A571CC5CCBA00118DE2 /* KeyboardView.m */,
				140F8A591CC5CCCA00118DE2 /* KeyboardView.xib */,
			);
			path = View;
			sourceTree = "<group>";
		};
		143D07FB1CBF9F580091DFF1 /* 消息 */ = {
			isa = PBXGroup;
			children = (
				1406A65F1CCA2200004E928A /* image */,
				143D07FC1CBF9F580091DFF1 /* ControllView */,
				143D07FD1CBF9F580091DFF1 /* Model */,
				143D07FE1CBF9F580091DFF1 /* View */,
			);
			path = "消息";
			sourceTree = "<group>";
		};
		143D07FC1CBF9F580091DFF1 /* ControllView */ = {
			isa = PBXGroup;
			children = (
				14FF893C1CC0BEF500F65100 /* MessageViewController.h */,
				14FF893D1CC0BEF500F65100 /* MessageViewController.m */,
				14FF893E1CC0BEF500F65100 /* MessageViewController.xib */,
				1406A65A1CCA1FD7004E928A /* MessageChatViewController.h */,
				1406A65B1CCA1FD7004E928A /* MessageChatViewController.m */,
				1406A65C1CCA1FD7004E928A /* MessageChatViewController.xib */,
				140F8A5B1CC5E2A400118DE2 /* WriteNewsViewcontroller.h */,
				140F8A5C1CC5E2A400118DE2 /* WriteNewsViewcontroller.m */,
				140F8A5D1CC5E2A400118DE2 /* WriteNewsViewcontroller.xib */,
			);
			path = ControllView;
			sourceTree = "<group>";
		};
		143D07FD1CBF9F580091DFF1 /* Model */ = {
			isa = PBXGroup;
			children = (
				1481AE661CCDF168007FE014 /* MessageModel.h */,
				1481AE671CCDF168007FE014 /* MessageModel.m */,
			);
			path = Model;
			sourceTree = "<group>";
		};
		143D07FE1CBF9F580091DFF1 /* View */ = {
			isa = PBXGroup;
			children = (
				14FF89511CC0DFB300F65100 /* MessageCell.h */,
				14FF89521CC0DFB300F65100 /* MessageCell.m */,
				14FF89531CC0DFB300F65100 /* MessageCell.xib */,
				1406A6821CCA2C39004E928A /* MessageChatCell.h */,
				1406A6831CCA2C39004E928A /* MessageChatCell.m */,
			);
			path = View;
			sourceTree = "<group>";
		};
		143D07FF1CBF9F580091DFF1 /* 登录 */ = {
			isa = PBXGroup;
			children = (
				143D08001CBF9F580091DFF1 /* ControllView */,
				143D08041CBF9F580091DFF1 /* Model */,
				143D08051CBF9F580091DFF1 /* View */,
			);
			path = "登录";
			sourceTree = "<group>";
		};
		143D08001CBF9F580091DFF1 /* ControllView */ = {
			isa = PBXGroup;
			children = (
				143D08011CBF9F580091DFF1 /* LoginViewController.h */,
				143D08021CBF9F580091DFF1 /* LoginViewController.m */,
				143D08031CBF9F580091DFF1 /* LoginViewController.xib */,
				14FF89301CC07D0D00F65100 /* RegisterViewContrller.h */,
				14FF89311CC07D0D00F65100 /* RegisterViewContrller.m */,
				14FF89321CC07D0D00F65100 /* RegisterViewContrller.xib */,
				14FF89371CC09AC700F65100 /* ImportViewController.h */,
				14FF89381CC09AC700F65100 /* ImportViewController.m */,
				14FF89391CC09AC700F65100 /* ImportViewController.xib */,
				1430182B1CC4B6A600004DE6 /* ImportPerViewController.h */,
				1430182C1CC4B6A600004DE6 /* ImportPerViewController.m */,
				1430182D1CC4B6A600004DE6 /* ImportPerViewController.xib */,
			);
			path = ControllView;
			sourceTree = "<group>";
		};
		143D08041CBF9F580091DFF1 /* Model */ = {
			isa = PBXGroup;
			children = (
			);
			path = Model;
			sourceTree = "<group>";
		};
		143D08051CBF9F580091DFF1 /* View */ = {
			isa = PBXGroup;
			children = (
			);
			path = View;
			sourceTree = "<group>";
		};
		143D08061CBF9F580091DFF1 /* 联系人 */ = {
			isa = PBXGroup;
			children = (
				143D08071CBF9F580091DFF1 /* ControllView */,
				143D08081CBF9F580091DFF1 /* Model */,
				143D08091CBF9F580091DFF1 /* View */,
			);
			path = "联系人";
			sourceTree = "<group>";
		};
		143D08071CBF9F580091DFF1 /* ControllView */ = {
			isa = PBXGroup;
			children = (
				14FF89411CC0BF1F00F65100 /* ContactsViewController.h */,
				14FF89421CC0BF1F00F65100 /* ContactsViewController.m */,
				14FF89431CC0BF1F00F65100 /* ContactsViewController.xib */,
				1430181F1CC483C200004DE6 /* AddPeopleViewController.h */,
				143018201CC483C200004DE6 /* AddPeopleViewController.m */,
				143018211CC483C200004DE6 /* AddPeopleViewController.xib */,
				14CD5A021CC719B700F83180 /* DetailsViewController.h */,
				14CD5A031CC719B700F83180 /* DetailsViewController.m */,
				14CD5A041CC719B700F83180 /* DetailsViewController.xib */,
			);
			path = ControllView;
			sourceTree = "<group>";
		};
		143D08081CBF9F580091DFF1 /* Model */ = {
			isa = PBXGroup;
			children = (
				14CD5A071CC71AC400F83180 /* AddressBookModel.h */,
				14CD5A081CC71AC400F83180 /* AddressBookModel.m */,
			);
			path = Model;
			sourceTree = "<group>";
		};
		143D08091CBF9F580091DFF1 /* View */ = {
			isa = PBXGroup;
			children = (
				1430181A1CC4783F00004DE6 /* ContactsCell.h */,
				1430181B1CC4783F00004DE6 /* ContactsCell.m */,
				1430181C1CC4783F00004DE6 /* ContactsCell.xib */,
			);
			path = View;
			sourceTree = "<group>";
		};
		1481AE691CCDF528007FE014 /* Masonry */ = {
			isa = PBXGroup;
			children = (
				1481AE6B1CCDF528007FE014 /* MASCompositeConstraint.h */,
				1481AE6C1CCDF528007FE014 /* MASCompositeConstraint.m */,
				1481AE6D1CCDF528007FE014 /* MASConstraint+Private.h */,
				1481AE6E1CCDF528007FE014 /* MASConstraint.h */,
				1481AE6F1CCDF528007FE014 /* MASConstraint.m */,
				1481AE701CCDF528007FE014 /* MASConstraintMaker.h */,
				1481AE711CCDF528007FE014 /* MASConstraintMaker.m */,
				1481AE721CCDF528007FE014 /* MASLayoutConstraint.h */,
				1481AE731CCDF528007FE014 /* MASLayoutConstraint.m */,
				1481AE741CCDF528007FE014 /* Masonry.h */,
				1481AE751CCDF528007FE014 /* MASUtilities.h */,
				1481AE761CCDF528007FE014 /* MASViewAttribute.h */,
				1481AE771CCDF528007FE014 /* MASViewAttribute.m */,
				1481AE781CCDF528007FE014 /* MASViewConstraint.h */,
				1481AE791CCDF528007FE014 /* MASViewConstraint.m */,
				1481AE7A1CCDF528007FE014 /* NSArray+MASAdditions.h */,
				1481AE7B1CCDF528007FE014 /* NSArray+MASAdditions.m */,
				1481AE7C1CCDF528007FE014 /* NSArray+MASShorthandAdditions.h */,
				1481AE7D1CCDF528007FE014 /* NSLayoutConstraint+MASDebugAdditions.h */,
				1481AE7E1CCDF528007FE014 /* NSLayoutConstraint+MASDebugAdditions.m */,
				1481AE7F1CCDF528007FE014 /* View+MASAdditions.h */,
				1481AE801CCDF528007FE014 /* View+MASAdditions.m */,
				1481AE811CCDF528007FE014 /* View+MASShorthandAdditions.h */,
				1481AE821CCDF528007FE014 /* ViewController+MASAdditions.h */,
				1481AE831CCDF528007FE014 /* ViewController+MASAdditions.m */,
			);
			path = Masonry;
			sourceTree = "<group>";
		};
/* End PBXGroup section */

/* Begin PBXNativeTarget section */
		143D07AF1CBF99AE0091DFF1 /* DualMobile */ = {
			isa = PBXNativeTarget;
			buildConfigurationList = 143D07DD1CBF99AF0091DFF1 /* Build configuration list for PBXNativeTarget "DualMobile" */;
			buildPhases = (
				143D07AC1CBF99AE0091DFF1 /* Sources */,
				143D07AD1CBF99AE0091DFF1 /* Frameworks */,
				143D07AE1CBF99AE0091DFF1 /* Resources */,
			);
			buildRules = (
			);
			dependencies = (
			);
			name = DualMobile;
			productName = DualMobile;
			productReference = 143D07B01CBF99AE0091DFF1 /* DualMobile.app */;
			productType = "com.apple.product-type.application";
		};
		143D07C81CBF99AF0091DFF1 /* DualMobileTests */ = {
			isa = PBXNativeTarget;
			buildConfigurationList = 143D07E01CBF99AF0091DFF1 /* Build configuration list for PBXNativeTarget "DualMobileTests" */;
			buildPhases = (
				143D07C51CBF99AF0091DFF1 /* Sources */,
				143D07C61CBF99AF0091DFF1 /* Frameworks */,
				143D07C71CBF99AF0091DFF1 /* Resources */,
			);
			buildRules = (
			);
			dependencies = (
				143D07CB1CBF99AF0091DFF1 /* PBXTargetDependency */,
			);
			name = DualMobileTests;
			productName = DualMobileTests;
			productReference = 143D07C91CBF99AF0091DFF1 /* DualMobileTests.xctest */;
			productType = "com.apple.product-type.bundle.unit-test";
		};
		143D07D31CBF99AF0091DFF1 /* DualMobileUITests */ = {
			isa = PBXNativeTarget;
			buildConfigurationList = 143D07E31CBF99AF0091DFF1 /* Build configuration list for PBXNativeTarget "DualMobileUITests" */;
			buildPhases = (
				143D07D01CBF99AF0091DFF1 /* Sources */,
				143D07D11CBF99AF0091DFF1 /* Frameworks */,
				143D07D21CBF99AF0091DFF1 /* Resources */,
			);
			buildRules = (
			);
			dependencies = (
				143D07D61CBF99AF0091DFF1 /* PBXTargetDependency */,
			);
			name = DualMobileUITests;
			productName = DualMobileUITests;
			productReference = 143D07D41CBF99AF0091DFF1 /* DualMobileUITests.xctest */;
			productType = "com.apple.product-type.bundle.ui-testing";
		};
/* End PBXNativeTarget section */

/* Begin PBXProject section */
		143D07A81CBF99AE0091DFF1 /* Project object */ = {
			isa = PBXProject;
			attributes = {
				LastUpgradeCheck = 0730;
				ORGANIZATIONNAME = QUAN;
				TargetAttributes = {
					143D07AF1CBF99AE0091DFF1 = {
						CreatedOnToolsVersion = 7.3;
						DevelopmentTeam = 6DR4J97GQP;
					};
					143D07C81CBF99AF0091DFF1 = {
						CreatedOnToolsVersion = 7.3;
						TestTargetID = 143D07AF1CBF99AE0091DFF1;
					};
					143D07D31CBF99AF0091DFF1 = {
						CreatedOnToolsVersion = 7.3;
						TestTargetID = 143D07AF1CBF99AE0091DFF1;
					};
				};
			};
			buildConfigurationList = 143D07AB1CBF99AE0091DFF1 /* Build configuration list for PBXProject "DualMobile" */;
			compatibilityVersion = "Xcode 3.2";
			developmentRegion = English;
			hasScannedForEncodings = 0;
			knownRegions = (
				en,
				Base,
			);
			mainGroup = 143D07A71CBF99AE0091DFF1;
			productRefGroup = 143D07B11CBF99AE0091DFF1 /* Products */;
			projectDirPath = "";
			projectRoot = "";
			targets = (
				143D07AF1CBF99AE0091DFF1 /* DualMobile */,
				143D07C81CBF99AF0091DFF1 /* DualMobileTests */,
				143D07D31CBF99AF0091DFF1 /* DualMobileUITests */,
			);
		};
/* End PBXProject section */

/* Begin PBXResourcesBuildPhase section */
		143D07AE1CBF99AE0091DFF1 /* Resources */ = {
			isa = PBXResourcesBuildPhase;
			buildActionMask = 2147483647;
			files = (
				1406A67F1CCA2200004E928A /* SenderVoiceNodeDownloading@2x.png in Resources */,
				14D822C61CC8C2E3008F7533 /* UserDetailsViewController.xib in Resources */,
				14D822C11CC8BD9D008F7533 /* MoreSetViewController.xib in Resources */,
				14D822A81CC8BCEE008F7533 /* TransferViewController.xib in Resources */,
				1406A6591CC9FD5A004E928A /* BlackListViewController.xib in Resources */,
				1430181E1CC4783F00004DE6 /* ContactsCell.xib in Resources */,
				1430182F1CC4B6A600004DE6 /* ImportPerViewController.xib in Resources */,
				1406A67C1CCA2200004E928A /* SenderAppNodeBkg_HL.png in Resources */,
				14FF89451CC0BF1F00F65100 /* ContactsViewController.xib in Resources */,
				140F8A5F1CC5E2A400118DE2 /* WriteNewsViewcontroller.xib in Resources */,
				14D822B21CC8BD36008F7533 /* LanguageViewController.xib in Resources */,
				1406A6541CC9FC12004E928A /* ChucklesViewController.xib in Resources */,
				1406A65E1CCA1FD7004E928A /* MessageChatViewController.xib in Resources */,
				14D822AD1CC8BD0E008F7533 /* VoiceViewController.xib in Resources */,
				143018231CC483C200004DE6 /* AddPeopleViewController.xib in Resources */,
				1406A6781CCA2200004E928A /* ReceiverVoiceNodeDownloading.png in Resources */,
				14D822B71CC8BD59008F7533 /* SecurityViewController.xib in Resources */,
				143018181CC470E300004DE6 /* unicode_to_hanyu_pinyin.txt in Resources */,
				14CD5A061CC719B700F83180 /* DetailsViewController.xib in Resources */,
				1406A6791CCA2200004E928A /* ReceiverVoiceNodeDownloading@2x.png in Resources */,
				14D822A31CC8BCC4008F7533 /* DeviceScanViewController.xib in Resources */,
				1406A67E1CCA2200004E928A /* SenderVoiceNodeDownloading.png in Resources */,
				140F8A5A1CC5CCCA00118DE2 /* KeyboardView.xib in Resources */,
				14FF894A1CC0BF5F00F65100 /* PhoneViewController.xib in Resources */,
				14FF893B1CC09AC700F65100 /* ImportViewController.xib in Resources */,
				143D07C31CBF99AE0091DFF1 /* LaunchScreen.storyboard in Resources */,
				14D822BC1CC8BD76008F7533 /* GuideViewController.xib in Resources */,
				14FF894F1CC0BF8100F65100 /* MainViewController.xib in Resources */,
				14FF89551CC0DFB300F65100 /* MessageCell.xib in Resources */,
				14FF89401CC0BEF500F65100 /* MessageViewController.xib in Resources */,
				1406A6771CCA2200004E928A /* ReceiverTextNodeBkg@2x.png in Resources */,
				1406A67D1CCA2200004E928A /* SenderAppNodeBkg_HL@2x.png in Resources */,
				143D07C01CBF99AE0091DFF1 /* Assets.xcassets in Resources */,
				143D080B1CBF9F580091DFF1 /* LoginViewController.xib in Resources */,
				14FF89341CC07D0D00F65100 /* RegisterViewContrller.xib in Resources */,
				1406A6761CCA2200004E928A /* ReceiverTextNodeBkg.png in Resources */,
			);
			runOnlyForDeploymentPostprocessing = 0;
		};
		143D07C71CBF99AF0091DFF1 /* Resources */ = {
			isa = PBXResourcesBuildPhase;
			buildActionMask = 2147483647;
			files = (
			);
			runOnlyForDeploymentPostprocessing = 0;
		};
		143D07D21CBF99AF0091DFF1 /* Resources */ = {
			isa = PBXResourcesBuildPhase;
			buildActionMask = 2147483647;
			files = (
			);
			runOnlyForDeploymentPostprocessing = 0;
		};
/* End PBXResourcesBuildPhase section */

/* Begin PBXSourcesBuildPhase section */
		143D07AC1CBF99AE0091DFF1 /* Sources */ = {
			isa = PBXSourcesBuildPhase;
			buildActionMask = 2147483647;
			files = (
				142A56B81CCDFAFB00B30B68 /* BaseModel.m in Sources */,
				14D822C51CC8C2E3008F7533 /* UserDetailsViewController.m in Sources */,
				1481AE681CCDF168007FE014 /* MessageModel.m in Sources */,
				143018101CC470E300004DE6 /* pinyin.c in Sources */,
				143018221CC483C200004DE6 /* AddPeopleViewController.m in Sources */,
				14FF894E1CC0BF8100F65100 /* MainViewController.m in Sources */,
				14FF893A1CC09AC700F65100 /* ImportViewController.m in Sources */,
				143018171CC470E300004DE6 /* PinyinHelper.m in Sources */,
				143018141CC470E300004DE6 /* NSString+PinYin4Cocoa.m in Sources */,
				1481AE8D1CCDF528007FE014 /* View+MASAdditions.m in Sources */,
				1430181D1CC4783F00004DE6 /* ContactsCell.m in Sources */,
				14D822C01CC8BD9D008F7533 /* MoreSetViewController.m in Sources */,
				1406A6851CCA2C39004E928A /* MessageChatCell.m in Sources */,
				1481AE8A1CCDF528007FE014 /* MASViewConstraint.m in Sources */,
				1481AE8B1CCDF528007FE014 /* NSArray+MASAdditions.m in Sources */,
				143018111CC470E300004DE6 /* ChineseInclude.m in Sources */,
				143D07B81CBF99AE0091DFF1 /* AppDelegate.m in Sources */,
				1406A65D1CCA1FD7004E928A /* MessageChatViewController.m in Sources */,
				1481AE881CCDF528007FE014 /* MASLayoutConstraint.m in Sources */,
				14CD5A091CC71AC400F83180 /* AddressBookModel.m in Sources */,
				14EC4D951CC61CFA005C80AC /* UIView+Extension.m in Sources */,
				1481AE851CCDF528007FE014 /* MASCompositeConstraint.m in Sources */,
				143018191CC470E300004DE6 /* ZYPinYinSearch.m in Sources */,
				1406A6531CC9FC12004E928A /* ChucklesViewController.m in Sources */,
				140F8A5E1CC5E2A400118DE2 /* WriteNewsViewcontroller.m in Sources */,
				143018161CC470E300004DE6 /* PinYinForObjc.m in Sources */,
				14D822B11CC8BD36008F7533 /* LanguageViewController.m in Sources */,
				1481AE8E1CCDF528007FE014 /* ViewController+MASAdditions.m in Sources */,
				143018121CC470E300004DE6 /* ChineseToPinyinResource.m in Sources */,
				14FF89331CC07D0D00F65100 /* RegisterViewContrller.m in Sources */,
				1406A6581CC9FD5A004E928A /* BlackListViewController.m in Sources */,
				14D822BB1CC8BD76008F7533 /* GuideViewController.m in Sources */,
				143018151CC470E300004DE6 /* PinyinFormatter.m in Sources */,
				14FF892C1CC0798C00F65100 /* BaseViewController.m in Sources */,
				1481AE891CCDF528007FE014 /* MASViewAttribute.m in Sources */,
				14FF892F1CC07A3A00F65100 /* TabBarController.m in Sources */,
				1481AE861CCDF528007FE014 /* MASConstraint.m in Sources */,
				143D07B51CBF99AE0091DFF1 /* main.m in Sources */,
				143018131CC470E300004DE6 /* HanyuPinyinOutputFormat.m in Sources */,
				14CD5A051CC719B700F83180 /* DetailsViewController.m in Sources */,
				1481AE871CCDF528007FE014 /* MASConstraintMaker.m in Sources */,
				14D822B61CC8BD59008F7533 /* SecurityViewController.m in Sources */,
				14FF893F1CC0BEF500F65100 /* MessageViewController.m in Sources */,
				14D822A71CC8BCEE008F7533 /* TransferViewController.m in Sources */,
				14D822AC1CC8BD0E008F7533 /* VoiceViewController.m in Sources */,
				1430180F1CC470E300004DE6 /* ChineseString.m in Sources */,
				14D822A21CC8BCC4008F7533 /* DeviceScanViewController.m in Sources */,
				1430182E1CC4B6A600004DE6 /* ImportPerViewController.m in Sources */,
				14FF89441CC0BF1F00F65100 /* ContactsViewController.m in Sources */,
				14FF89541CC0DFB300F65100 /* MessageCell.m in Sources */,
				1481AE8C1CCDF528007FE014 /* NSLayoutConstraint+MASDebugAdditions.m in Sources */,
				140F8A581CC5CCBA00118DE2 /* KeyboardView.m in Sources */,
				143D080A1CBF9F580091DFF1 /* LoginViewController.m in Sources */,
				14FF89491CC0BF5F00F65100 /* PhoneViewController.m in Sources */,
			);
			runOnlyForDeploymentPostprocessing = 0;
		};
		143D07C51CBF99AF0091DFF1 /* Sources */ = {
			isa = PBXSourcesBuildPhase;
			buildActionMask = 2147483647;
			files = (
				143D07CE1CBF99AF0091DFF1 /* DualMobileTests.m in Sources */,
			);
			runOnlyForDeploymentPostprocessing = 0;
		};
		143D07D01CBF99AF0091DFF1 /* Sources */ = {
			isa = PBXSourcesBuildPhase;
			buildActionMask = 2147483647;
			files = (
				143D07D91CBF99AF0091DFF1 /* DualMobileUITests.m in Sources */,
			);
			runOnlyForDeploymentPostprocessing = 0;
		};
/* End PBXSourcesBuildPhase section */

/* Begin PBXTargetDependency section */
		143D07CB1CBF99AF0091DFF1 /* PBXTargetDependency */ = {
			isa = PBXTargetDependency;
			target = 143D07AF1CBF99AE0091DFF1 /* DualMobile */;
			targetProxy = 143D07CA1CBF99AF0091DFF1 /* PBXContainerItemProxy */;
		};
		143D07D61CBF99AF0091DFF1 /* PBXTargetDependency */ = {
			isa = PBXTargetDependency;
			target = 143D07AF1CBF99AE0091DFF1 /* DualMobile */;
			targetProxy = 143D07D51CBF99AF0091DFF1 /* PBXContainerItemProxy */;
		};
/* End PBXTargetDependency section */

/* Begin PBXVariantGroup section */
		143D07C11CBF99AE0091DFF1 /* LaunchScreen.storyboard */ = {
			isa = PBXVariantGroup;
			children = (
				143D07C21CBF99AE0091DFF1 /* Base */,
			);
			name = LaunchScreen.storyboard;
			sourceTree = "<group>";
		};
/* End PBXVariantGroup section */

/* Begin XCBuildConfiguration section */
		143D07DB1CBF99AF0091DFF1 /* Debug */ = {
			isa = XCBuildConfiguration;
			buildSettings = {
				ALWAYS_SEARCH_USER_PATHS = NO;
				CLANG_ANALYZER_NONNULL = YES;
				CLANG_CXX_LANGUAGE_STANDARD = "gnu++0x";
				CLANG_CXX_LIBRARY = "libc++";
				CLANG_ENABLE_MODULES = YES;
				CLANG_ENABLE_OBJC_ARC = YES;
				CLANG_WARN_BOOL_CONVERSION = YES;
				CLANG_WARN_CONSTANT_CONVERSION = YES;
				CLANG_WARN_DIRECT_OBJC_ISA_USAGE = YES_ERROR;
				CLANG_WARN_EMPTY_BODY = YES;
				CLANG_WARN_ENUM_CONVERSION = YES;
				CLANG_WARN_INT_CONVERSION = YES;
				CLANG_WARN_OBJC_ROOT_CLASS = YES_ERROR;
				CLANG_WARN_UNREACHABLE_CODE = YES;
				CLANG_WARN__DUPLICATE_METHOD_MATCH = YES;
				"CODE_SIGN_IDENTITY[sdk=iphoneos*]" = "iPhone Developer";
				COPY_PHASE_STRIP = NO;
				DEBUG_INFORMATION_FORMAT = dwarf;
				ENABLE_STRICT_OBJC_MSGSEND = YES;
				ENABLE_TESTABILITY = YES;
				GCC_C_LANGUAGE_STANDARD = gnu99;
				GCC_DYNAMIC_NO_PIC = NO;
				GCC_NO_COMMON_BLOCKS = YES;
				GCC_OPTIMIZATION_LEVEL = 0;
				GCC_PREPROCESSOR_DEFINITIONS = (
					"DEBUG=1",
					"$(inherited)",
				);
				GCC_WARN_64_TO_32_BIT_CONVERSION = YES;
				GCC_WARN_ABOUT_RETURN_TYPE = YES_ERROR;
				GCC_WARN_UNDECLARED_SELECTOR = YES;
				GCC_WARN_UNINITIALIZED_AUTOS = YES_AGGRESSIVE;
				GCC_WARN_UNUSED_FUNCTION = YES;
				GCC_WARN_UNUSED_VARIABLE = YES;
				IPHONEOS_DEPLOYMENT_TARGET = 9.3;
				MTL_ENABLE_DEBUG_INFO = YES;
				ONLY_ACTIVE_ARCH = YES;
				SDKROOT = iphoneos;
			};
			name = Debug;
		};
		143D07DC1CBF99AF0091DFF1 /* Release */ = {
			isa = XCBuildConfiguration;
			buildSettings = {
				ALWAYS_SEARCH_USER_PATHS = NO;
				CLANG_ANALYZER_NONNULL = YES;
				CLANG_CXX_LANGUAGE_STANDARD = "gnu++0x";
				CLANG_CXX_LIBRARY = "libc++";
				CLANG_ENABLE_MODULES = YES;
				CLANG_ENABLE_OBJC_ARC = YES;
				CLANG_WARN_BOOL_CONVERSION = YES;
				CLANG_WARN_CONSTANT_CONVERSION = YES;
				CLANG_WARN_DIRECT_OBJC_ISA_USAGE = YES_ERROR;
				CLANG_WARN_EMPTY_BODY = YES;
				CLANG_WARN_ENUM_CONVERSION = YES;
				CLANG_WARN_INT_CONVERSION = YES;
				CLANG_WARN_OBJC_ROOT_CLASS = YES_ERROR;
				CLANG_WARN_UNREACHABLE_CODE = YES;
				CLANG_WARN__DUPLICATE_METHOD_MATCH = YES;
				"CODE_SIGN_IDENTITY[sdk=iphoneos*]" = "iPhone Developer";
				COPY_PHASE_STRIP = NO;
				DEBUG_INFORMATION_FORMAT = "dwarf-with-dsym";
				ENABLE_NS_ASSERTIONS = NO;
				ENABLE_STRICT_OBJC_MSGSEND = YES;
				GCC_C_LANGUAGE_STANDARD = gnu99;
				GCC_NO_COMMON_BLOCKS = YES;
				GCC_WARN_64_TO_32_BIT_CONVERSION = YES;
				GCC_WARN_ABOUT_RETURN_TYPE = YES_ERROR;
				GCC_WARN_UNDECLARED_SELECTOR = YES;
				GCC_WARN_UNINITIALIZED_AUTOS = YES_AGGRESSIVE;
				GCC_WARN_UNUSED_FUNCTION = YES;
				GCC_WARN_UNUSED_VARIABLE = YES;
				IPHONEOS_DEPLOYMENT_TARGET = 9.3;
				MTL_ENABLE_DEBUG_INFO = NO;
				SDKROOT = iphoneos;
				VALIDATE_PRODUCT = YES;
			};
			name = Release;
		};
		143D07DE1CBF99AF0091DFF1 /* Debug */ = {
			isa = XCBuildConfiguration;
			buildSettings = {
				ASSETCATALOG_COMPILER_APPICON_NAME = AppIcon;
				CODE_SIGN_IDENTITY = "iPhone Developer";
				"CODE_SIGN_IDENTITY[sdk=iphoneos*]" = "iPhone Developer";
				GCC_PREFIX_HEADER = /Users/QUAN/Desktop/Github/DualMobile/DualMobile/DualMobile/DualMobilePCH.pch;
				INFOPLIST_FILE = "$(SRCROOT)/DualMobile/Supporting Files/Info.plist";
				IPHONEOS_DEPLOYMENT_TARGET = 7.0;
				LD_RUNPATH_SEARCH_PATHS = "$(inherited) @executable_path/Frameworks";
				PRODUCT_BUNDLE_IDENTIFIER = cn.QUAN.DualMobile;
				PRODUCT_NAME = "$(TARGET_NAME)";
				PROVISIONING_PROFILE = "";
			};
			name = Debug;
		};
		143D07DF1CBF99AF0091DFF1 /* Release */ = {
			isa = XCBuildConfiguration;
			buildSettings = {
				ASSETCATALOG_COMPILER_APPICON_NAME = AppIcon;
				CODE_SIGN_IDENTITY = "iPhone Developer";
				"CODE_SIGN_IDENTITY[sdk=iphoneos*]" = "iPhone Developer";
				GCC_PREFIX_HEADER = /Users/QUAN/Desktop/Github/DualMobile/DualMobile/DualMobile/DualMobilePCH.pch;
				INFOPLIST_FILE = "$(SRCROOT)/DualMobile/Supporting Files/Info.plist";
				IPHONEOS_DEPLOYMENT_TARGET = 7.0;
				LD_RUNPATH_SEARCH_PATHS = "$(inherited) @executable_path/Frameworks";
				PRODUCT_BUNDLE_IDENTIFIER = cn.QUAN.DualMobile;
				PRODUCT_NAME = "$(TARGET_NAME)";
				PROVISIONING_PROFILE = "";
			};
			name = Release;
		};
		143D07E11CBF99AF0091DFF1 /* Debug */ = {
			isa = XCBuildConfiguration;
			buildSettings = {
				BUNDLE_LOADER = "$(TEST_HOST)";
				INFOPLIST_FILE = DualMobileTests/Info.plist;
				LD_RUNPATH_SEARCH_PATHS = "$(inherited) @executable_path/Frameworks @loader_path/Frameworks";
				PRODUCT_BUNDLE_IDENTIFIER = cn.QUAN.DualMobileTests;
				PRODUCT_NAME = "$(TARGET_NAME)";
				TEST_HOST = "$(BUILT_PRODUCTS_DIR)/DualMobile.app/DualMobile";
			};
			name = Debug;
		};
		143D07E21CBF99AF0091DFF1 /* Release */ = {
			isa = XCBuildConfiguration;
			buildSettings = {
				BUNDLE_LOADER = "$(TEST_HOST)";
				INFOPLIST_FILE = DualMobileTests/Info.plist;
				LD_RUNPATH_SEARCH_PATHS = "$(inherited) @executable_path/Frameworks @loader_path/Frameworks";
				PRODUCT_BUNDLE_IDENTIFIER = cn.QUAN.DualMobileTests;
				PRODUCT_NAME = "$(TARGET_NAME)";
				TEST_HOST = "$(BUILT_PRODUCTS_DIR)/DualMobile.app/DualMobile";
			};
			name = Release;
		};
		143D07E41CBF99AF0091DFF1 /* Debug */ = {
			isa = XCBuildConfiguration;
			buildSettings = {
				INFOPLIST_FILE = DualMobileUITests/Info.plist;
				LD_RUNPATH_SEARCH_PATHS = "$(inherited) @executable_path/Frameworks @loader_path/Frameworks";
				PRODUCT_BUNDLE_IDENTIFIER = cn.QUAN.DualMobileUITests;
				PRODUCT_NAME = "$(TARGET_NAME)";
				TEST_TARGET_NAME = DualMobile;
			};
			name = Debug;
		};
		143D07E51CBF99AF0091DFF1 /* Release */ = {
			isa = XCBuildConfiguration;
			buildSettings = {
				INFOPLIST_FILE = DualMobileUITests/Info.plist;
				LD_RUNPATH_SEARCH_PATHS = "$(inherited) @executable_path/Frameworks @loader_path/Frameworks";
				PRODUCT_BUNDLE_IDENTIFIER = cn.QUAN.DualMobileUITests;
				PRODUCT_NAME = "$(TARGET_NAME)";
				TEST_TARGET_NAME = DualMobile;
			};
			name = Release;
		};
/* End XCBuildConfiguration section */

/* Begin XCConfigurationList section */
		143D07AB1CBF99AE0091DFF1 /* Build configuration list for PBXProject "DualMobile" */ = {
			isa = XCConfigurationList;
			buildConfigurations = (
				143D07DB1CBF99AF0091DFF1 /* Debug */,
				143D07DC1CBF99AF0091DFF1 /* Release */,
			);
			defaultConfigurationIsVisible = 0;
			defaultConfigurationName = Release;
		};
		143D07DD1CBF99AF0091DFF1 /* Build configuration list for PBXNativeTarget "DualMobile" */ = {
			isa = XCConfigurationList;
			buildConfigurations = (
				143D07DE1CBF99AF0091DFF1 /* Debug */,
				143D07DF1CBF99AF0091DFF1 /* Release */,
			);
			defaultConfigurationIsVisible = 0;
			defaultConfigurationName = Release;
		};
		143D07E01CBF99AF0091DFF1 /* Build configuration list for PBXNativeTarget "DualMobileTests" */ = {
			isa = XCConfigurationList;
			buildConfigurations = (
				143D07E11CBF99AF0091DFF1 /* Debug */,
				143D07E21CBF99AF0091DFF1 /* Release */,
			);
			defaultConfigurationIsVisible = 0;
			defaultConfigurationName = Release;
		};
		143D07E31CBF99AF0091DFF1 /* Build configuration list for PBXNativeTarget "DualMobileUITests" */ = {
			isa = XCConfigurationList;
			buildConfigurations = (
				143D07E41CBF99AF0091DFF1 /* Debug */,
				143D07E51CBF99AF0091DFF1 /* Release */,
			);
			defaultConfigurationIsVisible = 0;
			defaultConfigurationName = Release;
		};
/* End XCConfigurationList section */
	};
	rootObject = 143D07A81CBF99AE0091DFF1 /* Project object */;
}
